
Microsoft Visual Studio Solution File, Format Version 11.00
# Visual Studio 2010
Project("{FAE04EC0-301F-11D3-BF4B-00C04F79EFBC}") = "VHD Director", "VHD Director\VHD Director.csproj", "{9C371776-DF80-4053-95AA-A08AE575D771}"
	ProjectSection(ProjectDependencies) = postProject
		{68AB7921-8AB2-4D8E-87F0-F477E93F6FE9} = {68AB7921-8AB2-4D8E-87F0-F477E93F6FE9}
	EndProjectSection
EndProject
Project("{FAE04EC0-301F-11D3-BF4B-00C04F79EFBC}") = "csharp_debug", "ClassLibrary1\csharp_debug.csproj", "{1EE526D7-06F4-44D5-859C-5E401847536B}"
EndProject
Project("{FAE04EC0-301F-11D3-BF4B-00C04F79EFBC}") = "CSharp.cc", "CSharp.cc\CSharp.cc.csproj", "{18C0AEE8-8AD6-4B0E-9105-2BA70D8A6B93}"
EndProject
Project("{FAE04EC0-301F-11D3-BF4B-00C04F79EFBC}") = "VhdMount", "VhdMount\VhdMount.csproj", "{2BDDF051-4FF6-4164-9D50-7B6270E5814B}"
EndProject
Project("{FAE04EC0-301F-11D3-BF4B-00C04F79EFBC}") = "VhdApiExample", "Medo\vhdapisamplerc\Source\VhdApiExample\VhdApiExample.csproj", "{5947B488-1F31-4C26-8774-A2969C03EFB9}"
EndProject
Project("{FAE04EC0-301F-11D3-BF4B-00C04F79EFBC}") = "MultiWindowTest", "..\MultiWindowTest\MultiWindowTest\MultiWindowTest.csproj", "{0CC7C262-C36E-4015-88A9-71E6BD23F91A}"
EndProject
Project("{FAE04EC0-301F-11D3-BF4B-00C04F79EFBC}") = "VDS", "VDS\VDS.csproj", "{24A8ED34-661A-447E-ABCE-472C58480E58}"
EndProject
Project("{FAE04EC0-301F-11D3-BF4B-00C04F79EFBC}") = "Microsoft.Storage.Vds", "Microsoft.Storage.Vds\Microsoft.Storage.Vds.csproj", "{AC7F5B7A-A16B-4712-8942-F6D3E6ECB7F6}"
EndProject
Project("{FAE04EC0-301F-11D3-BF4B-00C04F79EFBC}") = "Defrag1", "Defrag1\Defrag1.csproj", "{C9F848C5-8DAC-451F-B925-05B02810C56F}"
EndProject
Project("{FAE04EC0-301F-11D3-BF4B-00C04F79EFBC}") = "DiscUtils", "DiscUtils\DiscUtilsSrc-0.10\src\DiscUtils.csproj", "{DBB340F9-2386-43C2-A473-FA496CBE07A4}"
EndProject
Project("{FAE04EC0-301F-11D3-BF4B-00C04F79EFBC}") = "DiscUtils.Common", "DiscUtils\DiscUtilsSrc-0.10\utils\DiscUtils.Common\DiscUtils.Common.csproj", "{40F44FCF-5C77-404D-82BD-9E17BDA5E04B}"
EndProject
Project("{FAE04EC0-301F-11D3-BF4B-00C04F79EFBC}") = "CodeKicker.BBCode", "CodeKicker.BBCode-Parser-5.0\src\trunk\CodeKicker.BBCode\CodeKicker.BBCode.csproj", "{1C8A5FB6-633A-43BD-B1B7-75A0DDC308F5}"
EndProject
Project("{FAE04EC0-301F-11D3-BF4B-00C04F79EFBC}") = "ExpandableGridView", "treegridview\TreeGridView\ExpandableGridView.csproj", "{2EFE526F-79B3-49BC-9575-A7B258C59BB5}"
EndProject
Project("{FAE04EC0-301F-11D3-BF4B-00C04F79EFBC}") = "CSharpFilters", "CSharpFilters_src\CSharpFilters\CSharpFilters.csproj", "{ECADAA7E-AB37-45BA-AEDF-CFAEE4669297}"
EndProject
Project("{8BC9CEB8-8B4A-11D0-8D11-00A0C91BC942}") = "JeffTemp", "JeffTemp\JeffTemp.vcxproj", "{DA654158-66DC-43B4-B7B1-2CA3B1988D8B}"
EndProject
Project("{8BC9CEB8-8B4A-11D0-8D11-00A0C91BC942}") = "SystemVersionDll", "SystemVersionDll\SystemVersionDll.vcxproj", "{68AB7921-8AB2-4D8E-87F0-F477E93F6FE9}"
EndProject
Project("{2150E333-8FDC-42A3-9474-1A3956D46DE8}") = "Solution Items", "Solution Items", "{C14AEE02-5B7F-43DE-90B3-2E691F201ADC}"
	ProjectSection(SolutionItems) = preProject
		AssemblyProperties.cs = AssemblyProperties.cs
	EndProjectSection
EndProject
Project("{FAE04EC0-301F-11D3-BF4B-00C04F79EFBC}") = "LzmaAlone", "lzma920\CS\7zip\Compress\LzmaAlone\LzmaAlone.csproj", "{CE33DF18-F9C8-4D6F-9057-DBB4DB96E973}"
EndProject
Project("{FAE04EC0-301F-11D3-BF4B-00C04F79EFBC}") = "Main", "Main\Main.csproj", "{57A01A50-69F7-4779-A301-964A62FA6B88}"
	ProjectSection(ProjectDependencies) = postProject
		{973446F8-123F-40B2-99BB-2DF6AA325281} = {973446F8-123F-40B2-99BB-2DF6AA325281}
	EndProjectSection
EndProject
Project("{FAE04EC0-301F-11D3-BF4B-00C04F79EFBC}") = "VhdDirectorApp", "VhdDirectorApp\VhdDirectorApp.csproj", "{973446F8-123F-40B2-99BB-2DF6AA325281}"
EndProject
Project("{FAE04EC0-301F-11D3-BF4B-00C04F79EFBC}") = "Be.Windows.Forms.HexBox", "VhdDirectorApp\Be.HexEditor.142\sources\Be.Windows.Forms.HexBox\Be.Windows.Forms.HexBox.csproj", "{26C5F25F-B450-4CAF-AD8B-B8D11AE73457}"
EndProject
Global
	GlobalSection(SubversionScc) = preSolution
		Svn-Managed = True
		Manager = AnkhSVN - Subversion Support for Visual Studio
	EndGlobalSection
	GlobalSection(SolutionConfigurationPlatforms) = preSolution
		Debug|Any CPU = Debug|Any CPU
		Debug|Mixed Platforms = Debug|Mixed Platforms
		Debug|Win32 = Debug|Win32
		Debug|x64 = Debug|x64
		Debug|x86 = Debug|x86
		Release (StyleCop)|Any CPU = Release (StyleCop)|Any CPU
		Release (StyleCop)|Mixed Platforms = Release (StyleCop)|Mixed Platforms
		Release (StyleCop)|Win32 = Release (StyleCop)|Win32
		Release (StyleCop)|x64 = Release (StyleCop)|x64
		Release (StyleCop)|x86 = Release (StyleCop)|x86
		Release|Any CPU = Release|Any CPU
		Release|Mixed Platforms = Release|Mixed Platforms
		Release|Win32 = Release|Win32
		Release|x64 = Release|x64
		Release|x86 = Release|x86
		SC (minimum size)|Any CPU = SC (minimum size)|Any CPU
		SC (minimum size)|Mixed Platforms = SC (minimum size)|Mixed Platforms
		SC (minimum size)|Win32 = SC (minimum size)|Win32
		SC (minimum size)|x64 = SC (minimum size)|x64
		SC (minimum size)|x86 = SC (minimum size)|x86
		SC (self-contained)|Any CPU = SC (self-contained)|Any CPU
		SC (self-contained)|Mixed Platforms = SC (self-contained)|Mixed Platforms
		SC (self-contained)|Win32 = SC (self-contained)|Win32
		SC (self-contained)|x64 = SC (self-contained)|x64
		SC (self-contained)|x86 = SC (self-contained)|x86
		SignedRelease|Any CPU = SignedRelease|Any CPU
		SignedRelease|Mixed Platforms = SignedRelease|Mixed Platforms
		SignedRelease|Win32 = SignedRelease|Win32
		SignedRelease|x64 = SignedRelease|x64
		SignedRelease|x86 = SignedRelease|x86
	EndGlobalSection
	GlobalSection(ProjectConfigurationPlatforms) = postSolution
		{9C371776-DF80-4053-95AA-A08AE575D771}.Debug|Any CPU.ActiveCfg = Debug|x86
		{9C371776-DF80-4053-95AA-A08AE575D771}.Debug|Any CPU.Build.0 = Debug|x86
		{9C371776-DF80-4053-95AA-A08AE575D771}.Debug|Mixed Platforms.ActiveCfg = Debug|x86
		{9C371776-DF80-4053-95AA-A08AE575D771}.Debug|Mixed Platforms.Build.0 = Debug|x86
		{9C371776-DF80-4053-95AA-A08AE575D771}.Debug|Win32.ActiveCfg = Debug|Any CPU
		{9C371776-DF80-4053-95AA-A08AE575D771}.Debug|x64.ActiveCfg = Debug|Any CPU
		{9C371776-DF80-4053-95AA-A08AE575D771}.Debug|x64.Build.0 = Debug|Any CPU
		{9C371776-DF80-4053-95AA-A08AE575D771}.Debug|x86.ActiveCfg = Debug|x86
		{9C371776-DF80-4053-95AA-A08AE575D771}.Debug|x86.Build.0 = Debug|x86
		{9C371776-DF80-4053-95AA-A08AE575D771}.Release (StyleCop)|Any CPU.ActiveCfg = Release|Any CPU
		{9C371776-DF80-4053-95AA-A08AE575D771}.Release (StyleCop)|Any CPU.Build.0 = Release|Any CPU
		{9C371776-DF80-4053-95AA-A08AE575D771}.Release (StyleCop)|Mixed Platforms.ActiveCfg = Release|Any CPU
		{9C371776-DF80-4053-95AA-A08AE575D771}.Release (StyleCop)|Mixed Platforms.Build.0 = Release|Any CPU
		{9C371776-DF80-4053-95AA-A08AE575D771}.Release (StyleCop)|Win32.ActiveCfg = Release|Any CPU
		{9C371776-DF80-4053-95AA-A08AE575D771}.Release (StyleCop)|x64.ActiveCfg = Release|Any CPU
		{9C371776-DF80-4053-95AA-A08AE575D771}.Release (StyleCop)|x86.ActiveCfg = Release|Any CPU
		{9C371776-DF80-4053-95AA-A08AE575D771}.Release|Any CPU.ActiveCfg = Release|Any CPU
		{9C371776-DF80-4053-95AA-A08AE575D771}.Release|Any CPU.Build.0 = Release|Any CPU
		{9C371776-DF80-4053-95AA-A08AE575D771}.Release|Mixed Platforms.ActiveCfg = Release|x86
		{9C371776-DF80-4053-95AA-A08AE575D771}.Release|Mixed Platforms.Build.0 = Release|x86
		{9C371776-DF80-4053-95AA-A08AE575D771}.Release|Win32.ActiveCfg = Release|Any CPU
		{9C371776-DF80-4053-95AA-A08AE575D771}.Release|x64.ActiveCfg = Release|x86
		{9C371776-DF80-4053-95AA-A08AE575D771}.Release|x86.ActiveCfg = Release|x86
		{9C371776-DF80-4053-95AA-A08AE575D771}.Release|x86.Build.0 = Release|x86
		{9C371776-DF80-4053-95AA-A08AE575D771}.SC (minimum size)|Any CPU.ActiveCfg = Release|Any CPU
		{9C371776-DF80-4053-95AA-A08AE575D771}.SC (minimum size)|Any CPU.Build.0 = Release|Any CPU
		{9C371776-DF80-4053-95AA-A08AE575D771}.SC (minimum size)|Mixed Platforms.ActiveCfg = Release|Any CPU
		{9C371776-DF80-4053-95AA-A08AE575D771}.SC (minimum size)|Mixed Platforms.Build.0 = Release|Any CPU
		{9C371776-DF80-4053-95AA-A08AE575D771}.SC (minimum size)|Win32.ActiveCfg = Release|Any CPU
		{9C371776-DF80-4053-95AA-A08AE575D771}.SC (minimum size)|x64.ActiveCfg = Release|Any CPU
		{9C371776-DF80-4053-95AA-A08AE575D771}.SC (minimum size)|x86.ActiveCfg = Release|Any CPU
		{9C371776-DF80-4053-95AA-A08AE575D771}.SC (self-contained)|Any CPU.ActiveCfg = Release|Any CPU
		{9C371776-DF80-4053-95AA-A08AE575D771}.SC (self-contained)|Any CPU.Build.0 = Release|Any CPU
		{9C371776-DF80-4053-95AA-A08AE575D771}.SC (self-contained)|Mixed Platforms.ActiveCfg = Release|Any CPU
		{9C371776-DF80-4053-95AA-A08AE575D771}.SC (self-contained)|Mixed Platforms.Build.0 = Release|Any CPU
		{9C371776-DF80-4053-95AA-A08AE575D771}.SC (self-contained)|Win32.ActiveCfg = Release|Any CPU
		{9C371776-DF80-4053-95AA-A08AE575D771}.SC (self-contained)|x64.ActiveCfg = Release|Any CPU
		{9C371776-DF80-4053-95AA-A08AE575D771}.SC (self-contained)|x86.ActiveCfg = Release|Any CPU
		{9C371776-DF80-4053-95AA-A08AE575D771}.SignedRelease|Any CPU.ActiveCfg = Release|Any CPU
		{9C371776-DF80-4053-95AA-A08AE575D771}.SignedRelease|Any CPU.Build.0 = Release|Any CPU
		{9C371776-DF80-4053-95AA-A08AE575D771}.SignedRelease|Mixed Platforms.ActiveCfg = Release|Any CPU
		{9C371776-DF80-4053-95AA-A08AE575D771}.SignedRelease|Mixed Platforms.Build.0 = Release|Any CPU
		{9C371776-DF80-4053-95AA-A08AE575D771}.SignedRelease|Win32.ActiveCfg = Release|Any CPU
		{9C371776-DF80-4053-95AA-A08AE575D771}.SignedRelease|x64.ActiveCfg = Release|x64
		{9C371776-DF80-4053-95AA-A08AE575D771}.SignedRelease|x64.Build.0 = Release|x64
		{9C371776-DF80-4053-95AA-A08AE575D771}.SignedRelease|x86.ActiveCfg = Release|x86
		{9C371776-DF80-4053-95AA-A08AE575D771}.SignedRelease|x86.Build.0 = Release|x86
		{1EE526D7-06F4-44D5-859C-5E401847536B}.Debug|Any CPU.ActiveCfg = Debug|Any CPU
		{1EE526D7-06F4-44D5-859C-5E401847536B}.Debug|Any CPU.Build.0 = Debug|Any CPU
		{1EE526D7-06F4-44D5-859C-5E401847536B}.Debug|Mixed Platforms.ActiveCfg = Debug|Any CPU
		{1EE526D7-06F4-44D5-859C-5E401847536B}.Debug|Mixed Platforms.Build.0 = Debug|Any CPU
		{1EE526D7-06F4-44D5-859C-5E401847536B}.Debug|Win32.ActiveCfg = Debug|Any CPU
		{1EE526D7-06F4-44D5-859C-5E401847536B}.Debug|x64.ActiveCfg = Debug|Any CPU
		{1EE526D7-06F4-44D5-859C-5E401847536B}.Debug|x86.ActiveCfg = Debug|Any CPU
		{1EE526D7-06F4-44D5-859C-5E401847536B}.Debug|x86.Build.0 = Debug|Any CPU
		{1EE526D7-06F4-44D5-859C-5E401847536B}.Release (StyleCop)|Any CPU.ActiveCfg = Release|Any CPU
		{1EE526D7-06F4-44D5-859C-5E401847536B}.Release (StyleCop)|Any CPU.Build.0 = Release|Any CPU
		{1EE526D7-06F4-44D5-859C-5E401847536B}.Release (StyleCop)|Mixed Platforms.ActiveCfg = Release|Any CPU
		{1EE526D7-06F4-44D5-859C-5E401847536B}.Release (StyleCop)|Mixed Platforms.Build.0 = Release|Any CPU
		{1EE526D7-06F4-44D5-859C-5E401847536B}.Release (StyleCop)|Win32.ActiveCfg = Release|Any CPU
		{1EE526D7-06F4-44D5-859C-5E401847536B}.Release (StyleCop)|x64.ActiveCfg = Release|Any CPU
		{1EE526D7-06F4-44D5-859C-5E401847536B}.Release (StyleCop)|x86.ActiveCfg = Release|Any CPU
		{1EE526D7-06F4-44D5-859C-5E401847536B}.Release|Any CPU.ActiveCfg = Release|Any CPU
		{1EE526D7-06F4-44D5-859C-5E401847536B}.Release|Any CPU.Build.0 = Release|Any CPU
		{1EE526D7-06F4-44D5-859C-5E401847536B}.Release|Mixed Platforms.ActiveCfg = Release|Any CPU
		{1EE526D7-06F4-44D5-859C-5E401847536B}.Release|Mixed Platforms.Build.0 = Release|Any CPU
		{1EE526D7-06F4-44D5-859C-5E401847536B}.Release|Win32.ActiveCfg = Release|Any CPU
		{1EE526D7-06F4-44D5-859C-5E401847536B}.Release|x64.ActiveCfg = Release|Any CPU
		{1EE526D7-06F4-44D5-859C-5E401847536B}.Release|x86.ActiveCfg = Release|Any CPU
		{1EE526D7-06F4-44D5-859C-5E401847536B}.Release|x86.Build.0 = Release|Any CPU
		{1EE526D7-06F4-44D5-859C-5E401847536B}.SC (minimum size)|Any CPU.ActiveCfg = Release|Any CPU
		{1EE526D7-06F4-44D5-859C-5E401847536B}.SC (minimum size)|Any CPU.Build.0 = Release|Any CPU
		{1EE526D7-06F4-44D5-859C-5E401847536B}.SC (minimum size)|Mixed Platforms.ActiveCfg = Release|Any CPU
		{1EE526D7-06F4-44D5-859C-5E401847536B}.SC (minimum size)|Mixed Platforms.Build.0 = Release|Any CPU
		{1EE526D7-06F4-44D5-859C-5E401847536B}.SC (minimum size)|Win32.ActiveCfg = Release|Any CPU
		{1EE526D7-06F4-44D5-859C-5E401847536B}.SC (minimum size)|x64.ActiveCfg = Release|Any CPU
		{1EE526D7-06F4-44D5-859C-5E401847536B}.SC (minimum size)|x86.ActiveCfg = Release|Any CPU
		{1EE526D7-06F4-44D5-859C-5E401847536B}.SC (self-contained)|Any CPU.ActiveCfg = Release|Any CPU
		{1EE526D7-06F4-44D5-859C-5E401847536B}.SC (self-contained)|Any CPU.Build.0 = Release|Any CPU
		{1EE526D7-06F4-44D5-859C-5E401847536B}.SC (self-contained)|Mixed Platforms.ActiveCfg = Release|Any CPU
		{1EE526D7-06F4-44D5-859C-5E401847536B}.SC (self-contained)|Mixed Platforms.Build.0 = Release|Any CPU
		{1EE526D7-06F4-44D5-859C-5E401847536B}.SC (self-contained)|Win32.ActiveCfg = Release|Any CPU
		{1EE526D7-06F4-44D5-859C-5E401847536B}.SC (self-contained)|x64.ActiveCfg = Release|Any CPU
		{1EE526D7-06F4-44D5-859C-5E401847536B}.SC (self-contained)|x86.ActiveCfg = Release|Any CPU
		{1EE526D7-06F4-44D5-859C-5E401847536B}.SignedRelease|Any CPU.ActiveCfg = Release|Any CPU
		{1EE526D7-06F4-44D5-859C-5E401847536B}.SignedRelease|Any CPU.Build.0 = Release|Any CPU
		{1EE526D7-06F4-44D5-859C-5E401847536B}.SignedRelease|Mixed Platforms.ActiveCfg = Release|Any CPU
		{1EE526D7-06F4-44D5-859C-5E401847536B}.SignedRelease|Mixed Platforms.Build.0 = Release|Any CPU
		{1EE526D7-06F4-44D5-859C-5E401847536B}.SignedRelease|Win32.ActiveCfg = Release|Any CPU
		{1EE526D7-06F4-44D5-859C-5E401847536B}.SignedRelease|x64.ActiveCfg = Release|Any CPU
		{1EE526D7-06F4-44D5-859C-5E401847536B}.SignedRelease|x86.ActiveCfg = Release|Any CPU
		{18C0AEE8-8AD6-4B0E-9105-2BA70D8A6B93}.Debug|Any CPU.ActiveCfg = Debug|Any CPU
		{18C0AEE8-8AD6-4B0E-9105-2BA70D8A6B93}.Debug|Any CPU.Build.0 = Debug|Any CPU
		{18C0AEE8-8AD6-4B0E-9105-2BA70D8A6B93}.Debug|Mixed Platforms.ActiveCfg = Debug|Any CPU
		{18C0AEE8-8AD6-4B0E-9105-2BA70D8A6B93}.Debug|Mixed Platforms.Build.0 = Debug|Any CPU
		{18C0AEE8-8AD6-4B0E-9105-2BA70D8A6B93}.Debug|Win32.ActiveCfg = Debug|Any CPU
		{18C0AEE8-8AD6-4B0E-9105-2BA70D8A6B93}.Debug|x64.ActiveCfg = Debug|Any CPU
		{18C0AEE8-8AD6-4B0E-9105-2BA70D8A6B93}.Debug|x86.ActiveCfg = Debug|Any CPU
		{18C0AEE8-8AD6-4B0E-9105-2BA70D8A6B93}.Debug|x86.Build.0 = Debug|Any CPU
		{18C0AEE8-8AD6-4B0E-9105-2BA70D8A6B93}.Release (StyleCop)|Any CPU.ActiveCfg = Release|Any CPU
		{18C0AEE8-8AD6-4B0E-9105-2BA70D8A6B93}.Release (StyleCop)|Any CPU.Build.0 = Release|Any CPU
		{18C0AEE8-8AD6-4B0E-9105-2BA70D8A6B93}.Release (StyleCop)|Mixed Platforms.ActiveCfg = Release|Any CPU
		{18C0AEE8-8AD6-4B0E-9105-2BA70D8A6B93}.Release (StyleCop)|Mixed Platforms.Build.0 = Release|Any CPU
		{18C0AEE8-8AD6-4B0E-9105-2BA70D8A6B93}.Release (StyleCop)|Win32.ActiveCfg = Release|Any CPU
		{18C0AEE8-8AD6-4B0E-9105-2BA70D8A6B93}.Release (StyleCop)|x64.ActiveCfg = Release|Any CPU
		{18C0AEE8-8AD6-4B0E-9105-2BA70D8A6B93}.Release (StyleCop)|x86.ActiveCfg = Release|Any CPU
		{18C0AEE8-8AD6-4B0E-9105-2BA70D8A6B93}.Release|Any CPU.ActiveCfg = Release|Any CPU
		{18C0AEE8-8AD6-4B0E-9105-2BA70D8A6B93}.Release|Any CPU.Build.0 = Release|Any CPU
		{18C0AEE8-8AD6-4B0E-9105-2BA70D8A6B93}.Release|Mixed Platforms.ActiveCfg = Release|Any CPU
		{18C0AEE8-8AD6-4B0E-9105-2BA70D8A6B93}.Release|Mixed Platforms.Build.0 = Release|Any CPU
		{18C0AEE8-8AD6-4B0E-9105-2BA70D8A6B93}.Release|Win32.ActiveCfg = Release|Any CPU
		{18C0AEE8-8AD6-4B0E-9105-2BA70D8A6B93}.Release|x64.ActiveCfg = Release|Any CPU
		{18C0AEE8-8AD6-4B0E-9105-2BA70D8A6B93}.Release|x86.ActiveCfg = Release|Any CPU
		{18C0AEE8-8AD6-4B0E-9105-2BA70D8A6B93}.Release|x86.Build.0 = Release|Any CPU
		{18C0AEE8-8AD6-4B0E-9105-2BA70D8A6B93}.SC (minimum size)|Any CPU.ActiveCfg = Release|Any CPU
		{18C0AEE8-8AD6-4B0E-9105-2BA70D8A6B93}.SC (minimum size)|Any CPU.Build.0 = Release|Any CPU
		{18C0AEE8-8AD6-4B0E-9105-2BA70D8A6B93}.SC (minimum size)|Mixed Platforms.ActiveCfg = Release|Any CPU
		{18C0AEE8-8AD6-4B0E-9105-2BA70D8A6B93}.SC (minimum size)|Mixed Platforms.Build.0 = Release|Any CPU
		{18C0AEE8-8AD6-4B0E-9105-2BA70D8A6B93}.SC (minimum size)|Win32.ActiveCfg = Release|Any CPU
		{18C0AEE8-8AD6-4B0E-9105-2BA70D8A6B93}.SC (minimum size)|x64.ActiveCfg = Release|Any CPU
		{18C0AEE8-8AD6-4B0E-9105-2BA70D8A6B93}.SC (minimum size)|x86.ActiveCfg = Release|Any CPU
		{18C0AEE8-8AD6-4B0E-9105-2BA70D8A6B93}.SC (self-contained)|Any CPU.ActiveCfg = Release|Any CPU
		{18C0AEE8-8AD6-4B0E-9105-2BA70D8A6B93}.SC (self-contained)|Any CPU.Build.0 = Release|Any CPU
		{18C0AEE8-8AD6-4B0E-9105-2BA70D8A6B93}.SC (self-contained)|Mixed Platforms.ActiveCfg = Release|Any CPU
		{18C0AEE8-8AD6-4B0E-9105-2BA70D8A6B93}.SC (self-contained)|Mixed Platforms.Build.0 = Release|Any CPU
		{18C0AEE8-8AD6-4B0E-9105-2BA70D8A6B93}.SC (self-contained)|Win32.ActiveCfg = Release|Any CPU
		{18C0AEE8-8AD6-4B0E-9105-2BA70D8A6B93}.SC (self-contained)|x64.ActiveCfg = Release|Any CPU
		{18C0AEE8-8AD6-4B0E-9105-2BA70D8A6B93}.SC (self-contained)|x86.ActiveCfg = Release|Any CPU
		{18C0AEE8-8AD6-4B0E-9105-2BA70D8A6B93}.SignedRelease|Any CPU.ActiveCfg = Release|Any CPU
		{18C0AEE8-8AD6-4B0E-9105-2BA70D8A6B93}.SignedRelease|Any CPU.Build.0 = Release|Any CPU
		{18C0AEE8-8AD6-4B0E-9105-2BA70D8A6B93}.SignedRelease|Mixed Platforms.ActiveCfg = Release|Any CPU
		{18C0AEE8-8AD6-4B0E-9105-2BA70D8A6B93}.SignedRelease|Mixed Platforms.Build.0 = Release|Any CPU
		{18C0AEE8-8AD6-4B0E-9105-2BA70D8A6B93}.SignedRelease|Win32.ActiveCfg = Release|Any CPU
		{18C0AEE8-8AD6-4B0E-9105-2BA70D8A6B93}.SignedRelease|x64.ActiveCfg = Release|Any CPU
		{18C0AEE8-8AD6-4B0E-9105-2BA70D8A6B93}.SignedRelease|x86.ActiveCfg = Release|Any CPU
		{2BDDF051-4FF6-4164-9D50-7B6270E5814B}.Debug|Any CPU.ActiveCfg = Debug|Any CPU
		{2BDDF051-4FF6-4164-9D50-7B6270E5814B}.Debug|Any CPU.Build.0 = Debug|Any CPU
		{2BDDF051-4FF6-4164-9D50-7B6270E5814B}.Debug|Mixed Platforms.ActiveCfg = Debug|x86
		{2BDDF051-4FF6-4164-9D50-7B6270E5814B}.Debug|Mixed Platforms.Build.0 = Debug|x86
		{2BDDF051-4FF6-4164-9D50-7B6270E5814B}.Debug|Win32.ActiveCfg = Debug|Any CPU
		{2BDDF051-4FF6-4164-9D50-7B6270E5814B}.Debug|x64.ActiveCfg = Debug|Any CPU
		{2BDDF051-4FF6-4164-9D50-7B6270E5814B}.Debug|x64.Build.0 = Debug|Any CPU
		{2BDDF051-4FF6-4164-9D50-7B6270E5814B}.Debug|x86.ActiveCfg = Debug|x86
		{2BDDF051-4FF6-4164-9D50-7B6270E5814B}.Debug|x86.Build.0 = Debug|x86
		{2BDDF051-4FF6-4164-9D50-7B6270E5814B}.Release (StyleCop)|Any CPU.ActiveCfg = Release|Any CPU
		{2BDDF051-4FF6-4164-9D50-7B6270E5814B}.Release (StyleCop)|Any CPU.Build.0 = Release|Any CPU
		{2BDDF051-4FF6-4164-9D50-7B6270E5814B}.Release (StyleCop)|Mixed Platforms.ActiveCfg = Release|Any CPU
		{2BDDF051-4FF6-4164-9D50-7B6270E5814B}.Release (StyleCop)|Mixed Platforms.Build.0 = Release|Any CPU
		{2BDDF051-4FF6-4164-9D50-7B6270E5814B}.Release (StyleCop)|Win32.ActiveCfg = Release|Any CPU
		{2BDDF051-4FF6-4164-9D50-7B6270E5814B}.Release (StyleCop)|x64.ActiveCfg = Release|Any CPU
		{2BDDF051-4FF6-4164-9D50-7B6270E5814B}.Release (StyleCop)|x86.ActiveCfg = Release|Any CPU
		{2BDDF051-4FF6-4164-9D50-7B6270E5814B}.Release|Any CPU.ActiveCfg = Release|Any CPU
		{2BDDF051-4FF6-4164-9D50-7B6270E5814B}.Release|Any CPU.Build.0 = Release|Any CPU
		{2BDDF051-4FF6-4164-9D50-7B6270E5814B}.Release|Mixed Platforms.ActiveCfg = Release|x86
		{2BDDF051-4FF6-4164-9D50-7B6270E5814B}.Release|Mixed Platforms.Build.0 = Release|x86
		{2BDDF051-4FF6-4164-9D50-7B6270E5814B}.Release|Win32.ActiveCfg = Release|Any CPU
		{2BDDF051-4FF6-4164-9D50-7B6270E5814B}.Release|x64.ActiveCfg = Release|x64
		{2BDDF051-4FF6-4164-9D50-7B6270E5814B}.Release|x64.Build.0 = Release|x64
		{2BDDF051-4FF6-4164-9D50-7B6270E5814B}.Release|x86.ActiveCfg = Release|x86
		{2BDDF051-4FF6-4164-9D50-7B6270E5814B}.Release|x86.Build.0 = Release|x86
		{2BDDF051-4FF6-4164-9D50-7B6270E5814B}.SC (minimum size)|Any CPU.ActiveCfg = Release|Any CPU
		{2BDDF051-4FF6-4164-9D50-7B6270E5814B}.SC (minimum size)|Any CPU.Build.0 = Release|Any CPU
		{2BDDF051-4FF6-4164-9D50-7B6270E5814B}.SC (minimum size)|Mixed Platforms.ActiveCfg = Release|Any CPU
		{2BDDF051-4FF6-4164-9D50-7B6270E5814B}.SC (minimum size)|Mixed Platforms.Build.0 = Release|Any CPU
		{2BDDF051-4FF6-4164-9D50-7B6270E5814B}.SC (minimum size)|Win32.ActiveCfg = Release|Any CPU
		{2BDDF051-4FF6-4164-9D50-7B6270E5814B}.SC (minimum size)|x64.ActiveCfg = Release|Any CPU
		{2BDDF051-4FF6-4164-9D50-7B6270E5814B}.SC (minimum size)|x86.ActiveCfg = Release|Any CPU
		{2BDDF051-4FF6-4164-9D50-7B6270E5814B}.SC (self-contained)|Any CPU.ActiveCfg = Release|Any CPU
		{2BDDF051-4FF6-4164-9D50-7B6270E5814B}.SC (self-contained)|Any CPU.Build.0 = Release|Any CPU
		{2BDDF051-4FF6-4164-9D50-7B6270E5814B}.SC (self-contained)|Mixed Platforms.ActiveCfg = Release|Any CPU
		{2BDDF051-4FF6-4164-9D50-7B6270E5814B}.SC (self-contained)|Mixed Platforms.Build.0 = Release|Any CPU
		{2BDDF051-4FF6-4164-9D50-7B6270E5814B}.SC (self-contained)|Win32.ActiveCfg = Release|Any CPU
		{2BDDF051-4FF6-4164-9D50-7B6270E5814B}.SC (self-contained)|x64.ActiveCfg = Release|Any CPU
		{2BDDF051-4FF6-4164-9D50-7B6270E5814B}.SC (self-contained)|x86.ActiveCfg = Release|Any CPU
		{2BDDF051-4FF6-4164-9D50-7B6270E5814B}.SignedRelease|Any CPU.ActiveCfg = Release|Any CPU
		{2BDDF051-4FF6-4164-9D50-7B6270E5814B}.SignedRelease|Any CPU.Build.0 = Release|Any CPU
		{2BDDF051-4FF6-4164-9D50-7B6270E5814B}.SignedRelease|Mixed Platforms.ActiveCfg = Release|Any CPU
		{2BDDF051-4FF6-4164-9D50-7B6270E5814B}.SignedRelease|Mixed Platforms.Build.0 = Release|Any CPU
		{2BDDF051-4FF6-4164-9D50-7B6270E5814B}.SignedRelease|Win32.ActiveCfg = Release|Any CPU
		{2BDDF051-4FF6-4164-9D50-7B6270E5814B}.SignedRelease|x64.ActiveCfg = Release|x64
		{2BDDF051-4FF6-4164-9D50-7B6270E5814B}.SignedRelease|x64.Build.0 = Release|x64
		{2BDDF051-4FF6-4164-9D50-7B6270E5814B}.SignedRelease|x86.ActiveCfg = Release|x86
		{2BDDF051-4FF6-4164-9D50-7B6270E5814B}.SignedRelease|x86.Build.0 = Release|x86
		{5947B488-1F31-4C26-8774-A2969C03EFB9}.Debug|Any CPU.ActiveCfg = Debug|Any CPU
		{5947B488-1F31-4C26-8774-A2969C03EFB9}.Debug|Any CPU.Build.0 = Debug|Any CPU
		{5947B488-1F31-4C26-8774-A2969C03EFB9}.Debug|Mixed Platforms.ActiveCfg = Debug|Any CPU
		{5947B488-1F31-4C26-8774-A2969C03EFB9}.Debug|Mixed Platforms.Build.0 = Debug|Any CPU
		{5947B488-1F31-4C26-8774-A2969C03EFB9}.Debug|Win32.ActiveCfg = Debug|Any CPU
		{5947B488-1F31-4C26-8774-A2969C03EFB9}.Debug|x64.ActiveCfg = Debug|Any CPU
		{5947B488-1F31-4C26-8774-A2969C03EFB9}.Debug|x86.ActiveCfg = Debug|Any CPU
		{5947B488-1F31-4C26-8774-A2969C03EFB9}.Debug|x86.Build.0 = Debug|Any CPU
		{5947B488-1F31-4C26-8774-A2969C03EFB9}.Release (StyleCop)|Any CPU.ActiveCfg = Release|Any CPU
		{5947B488-1F31-4C26-8774-A2969C03EFB9}.Release (StyleCop)|Any CPU.Build.0 = Release|Any CPU
		{5947B488-1F31-4C26-8774-A2969C03EFB9}.Release (StyleCop)|Mixed Platforms.ActiveCfg = Release|Any CPU
		{5947B488-1F31-4C26-8774-A2969C03EFB9}.Release (StyleCop)|Mixed Platforms.Build.0 = Release|Any CPU
		{5947B488-1F31-4C26-8774-A2969C03EFB9}.Release (StyleCop)|Win32.ActiveCfg = Release|Any CPU
		{5947B488-1F31-4C26-8774-A2969C03EFB9}.Release (StyleCop)|x64.ActiveCfg = Release|Any CPU
		{5947B488-1F31-4C26-8774-A2969C03EFB9}.Release (StyleCop)|x86.ActiveCfg = Release|Any CPU
		{5947B488-1F31-4C26-8774-A2969C03EFB9}.Release|Any CPU.ActiveCfg = Release|Any CPU
		{5947B488-1F31-4C26-8774-A2969C03EFB9}.Release|Any CPU.Build.0 = Release|Any CPU
		{5947B488-1F31-4C26-8774-A2969C03EFB9}.Release|Mixed Platforms.ActiveCfg = Release|Any CPU
		{5947B488-1F31-4C26-8774-A2969C03EFB9}.Release|Mixed Platforms.Build.0 = Release|Any CPU
		{5947B488-1F31-4C26-8774-A2969C03EFB9}.Release|Win32.ActiveCfg = Release|Any CPU
		{5947B488-1F31-4C26-8774-A2969C03EFB9}.Release|x64.ActiveCfg = Release|Any CPU
		{5947B488-1F31-4C26-8774-A2969C03EFB9}.Release|x86.ActiveCfg = Release|Any CPU
		{5947B488-1F31-4C26-8774-A2969C03EFB9}.Release|x86.Build.0 = Release|Any CPU
		{5947B488-1F31-4C26-8774-A2969C03EFB9}.SC (minimum size)|Any CPU.ActiveCfg = Release|Any CPU
		{5947B488-1F31-4C26-8774-A2969C03EFB9}.SC (minimum size)|Any CPU.Build.0 = Release|Any CPU
		{5947B488-1F31-4C26-8774-A2969C03EFB9}.SC (minimum size)|Mixed Platforms.ActiveCfg = Release|Any CPU
		{5947B488-1F31-4C26-8774-A2969C03EFB9}.SC (minimum size)|Mixed Platforms.Build.0 = Release|Any CPU
		{5947B488-1F31-4C26-8774-A2969C03EFB9}.SC (minimum size)|Win32.ActiveCfg = Release|Any CPU
		{5947B488-1F31-4C26-8774-A2969C03EFB9}.SC (minimum size)|x64.ActiveCfg = Release|Any CPU
		{5947B488-1F31-4C26-8774-A2969C03EFB9}.SC (minimum size)|x86.ActiveCfg = Release|Any CPU
		{5947B488-1F31-4C26-8774-A2969C03EFB9}.SC (self-contained)|Any CPU.ActiveCfg = Release|Any CPU
		{5947B488-1F31-4C26-8774-A2969C03EFB9}.SC (self-contained)|Any CPU.Build.0 = Release|Any CPU
		{5947B488-1F31-4C26-8774-A2969C03EFB9}.SC (self-contained)|Mixed Platforms.ActiveCfg = Release|Any CPU
		{5947B488-1F31-4C26-8774-A2969C03EFB9}.SC (self-contained)|Mixed Platforms.Build.0 = Release|Any CPU
		{5947B488-1F31-4C26-8774-A2969C03EFB9}.SC (self-contained)|Win32.ActiveCfg = Release|Any CPU
		{5947B488-1F31-4C26-8774-A2969C03EFB9}.SC (self-contained)|x64.ActiveCfg = Release|Any CPU
		{5947B488-1F31-4C26-8774-A2969C03EFB9}.SC (self-contained)|x86.ActiveCfg = Release|Any CPU
		{5947B488-1F31-4C26-8774-A2969C03EFB9}.SignedRelease|Any CPU.ActiveCfg = Release|Any CPU
		{5947B488-1F31-4C26-8774-A2969C03EFB9}.SignedRelease|Any CPU.Build.0 = Release|Any CPU
		{5947B488-1F31-4C26-8774-A2969C03EFB9}.SignedRelease|Mixed Platforms.ActiveCfg = Release|Any CPU
		{5947B488-1F31-4C26-8774-A2969C03EFB9}.SignedRelease|Mixed Platforms.Build.0 = Release|Any CPU
		{5947B488-1F31-4C26-8774-A2969C03EFB9}.SignedRelease|Win32.ActiveCfg = Release|Any CPU
		{5947B488-1F31-4C26-8774-A2969C03EFB9}.SignedRelease|x64.ActiveCfg = Release|Any CPU
		{5947B488-1F31-4C26-8774-A2969C03EFB9}.SignedRelease|x86.ActiveCfg = Release|Any CPU
		{0CC7C262-C36E-4015-88A9-71E6BD23F91A}.Debug|Any CPU.ActiveCfg = Debug|Any CPU
		{0CC7C262-C36E-4015-88A9-71E6BD23F91A}.Debug|Any CPU.Build.0 = Debug|Any CPU
		{0CC7C262-C36E-4015-88A9-71E6BD23F91A}.Debug|Mixed Platforms.ActiveCfg = Debug|Any CPU
		{0CC7C262-C36E-4015-88A9-71E6BD23F91A}.Debug|Mixed Platforms.Build.0 = Debug|Any CPU
		{0CC7C262-C36E-4015-88A9-71E6BD23F91A}.Debug|Win32.ActiveCfg = Debug|Any CPU
		{0CC7C262-C36E-4015-88A9-71E6BD23F91A}.Debug|x64.ActiveCfg = Debug|Any CPU
		{0CC7C262-C36E-4015-88A9-71E6BD23F91A}.Debug|x86.ActiveCfg = Debug|Any CPU
		{0CC7C262-C36E-4015-88A9-71E6BD23F91A}.Release (StyleCop)|Any CPU.ActiveCfg = Release|Any CPU
		{0CC7C262-C36E-4015-88A9-71E6BD23F91A}.Release (StyleCop)|Mixed Platforms.ActiveCfg = Release|Any CPU
		{0CC7C262-C36E-4015-88A9-71E6BD23F91A}.Release (StyleCop)|Win32.ActiveCfg = Release|Any CPU
		{0CC7C262-C36E-4015-88A9-71E6BD23F91A}.Release (StyleCop)|x64.ActiveCfg = Release|Any CPU
		{0CC7C262-C36E-4015-88A9-71E6BD23F91A}.Release (StyleCop)|x86.ActiveCfg = Release|Any CPU
		{0CC7C262-C36E-4015-88A9-71E6BD23F91A}.Release|Any CPU.ActiveCfg = Release|Any CPU
		{0CC7C262-C36E-4015-88A9-71E6BD23F91A}.Release|Any CPU.Build.0 = Release|Any CPU
		{0CC7C262-C36E-4015-88A9-71E6BD23F91A}.Release|Mixed Platforms.ActiveCfg = Release|Any CPU
		{0CC7C262-C36E-4015-88A9-71E6BD23F91A}.Release|Mixed Platforms.Build.0 = Release|Any CPU
		{0CC7C262-C36E-4015-88A9-71E6BD23F91A}.Release|Win32.ActiveCfg = Release|Any CPU
		{0CC7C262-C36E-4015-88A9-71E6BD23F91A}.Release|x64.ActiveCfg = Release|Any CPU
		{0CC7C262-C36E-4015-88A9-71E6BD23F91A}.Release|x86.ActiveCfg = Release|Any CPU
		{0CC7C262-C36E-4015-88A9-71E6BD23F91A}.SC (minimum size)|Any CPU.ActiveCfg = Release|Any CPU
		{0CC7C262-C36E-4015-88A9-71E6BD23F91A}.SC (minimum size)|Mixed Platforms.ActiveCfg = Release|Any CPU
		{0CC7C262-C36E-4015-88A9-71E6BD23F91A}.SC (minimum size)|Win32.ActiveCfg = Release|Any CPU
		{0CC7C262-C36E-4015-88A9-71E6BD23F91A}.SC (minimum size)|x64.ActiveCfg = Release|Any CPU
		{0CC7C262-C36E-4015-88A9-71E6BD23F91A}.SC (minimum size)|x86.ActiveCfg = Release|Any CPU
		{0CC7C262-C36E-4015-88A9-71E6BD23F91A}.SC (self-contained)|Any CPU.ActiveCfg = Release|Any CPU
		{0CC7C262-C36E-4015-88A9-71E6BD23F91A}.SC (self-contained)|Mixed Platforms.ActiveCfg = Release|Any CPU
		{0CC7C262-C36E-4015-88A9-71E6BD23F91A}.SC (self-contained)|Win32.ActiveCfg = Release|Any CPU
		{0CC7C262-C36E-4015-88A9-71E6BD23F91A}.SC (self-contained)|x64.ActiveCfg = Release|Any CPU
		{0CC7C262-C36E-4015-88A9-71E6BD23F91A}.SC (self-contained)|x86.ActiveCfg = Release|Any CPU
		{0CC7C262-C36E-4015-88A9-71E6BD23F91A}.SignedRelease|Any CPU.ActiveCfg = Release|Any CPU
		{0CC7C262-C36E-4015-88A9-71E6BD23F91A}.SignedRelease|Mixed Platforms.ActiveCfg = Release|Any CPU
		{0CC7C262-C36E-4015-88A9-71E6BD23F91A}.SignedRelease|Win32.ActiveCfg = Release|Any CPU
		{0CC7C262-C36E-4015-88A9-71E6BD23F91A}.SignedRelease|x64.ActiveCfg = Release|Any CPU
		{0CC7C262-C36E-4015-88A9-71E6BD23F91A}.SignedRelease|x86.ActiveCfg = Release|Any CPU
		{24A8ED34-661A-447E-ABCE-472C58480E58}.Debug|Any CPU.ActiveCfg = Debug|Any CPU
		{24A8ED34-661A-447E-ABCE-472C58480E58}.Debug|Any CPU.Build.0 = Debug|Any CPU
		{24A8ED34-661A-447E-ABCE-472C58480E58}.Debug|Mixed Platforms.ActiveCfg = Debug|Any CPU
		{24A8ED34-661A-447E-ABCE-472C58480E58}.Debug|Mixed Platforms.Build.0 = Debug|Any CPU
		{24A8ED34-661A-447E-ABCE-472C58480E58}.Debug|Win32.ActiveCfg = Debug|Any CPU
		{24A8ED34-661A-447E-ABCE-472C58480E58}.Debug|x64.ActiveCfg = Debug|Any CPU
		{24A8ED34-661A-447E-ABCE-472C58480E58}.Debug|x86.ActiveCfg = Debug|Any CPU
		{24A8ED34-661A-447E-ABCE-472C58480E58}.Debug|x86.Build.0 = Debug|Any CPU
		{24A8ED34-661A-447E-ABCE-472C58480E58}.Release (StyleCop)|Any CPU.ActiveCfg = Release|Any CPU
		{24A8ED34-661A-447E-ABCE-472C58480E58}.Release (StyleCop)|Any CPU.Build.0 = Release|Any CPU
		{24A8ED34-661A-447E-ABCE-472C58480E58}.Release (StyleCop)|Mixed Platforms.ActiveCfg = Release|Any CPU
		{24A8ED34-661A-447E-ABCE-472C58480E58}.Release (StyleCop)|Mixed Platforms.Build.0 = Release|Any CPU
		{24A8ED34-661A-447E-ABCE-472C58480E58}.Release (StyleCop)|Win32.ActiveCfg = Release|Any CPU
		{24A8ED34-661A-447E-ABCE-472C58480E58}.Release (StyleCop)|x64.ActiveCfg = Release|Any CPU
		{24A8ED34-661A-447E-ABCE-472C58480E58}.Release (StyleCop)|x86.ActiveCfg = Release|Any CPU
		{24A8ED34-661A-447E-ABCE-472C58480E58}.Release|Any CPU.ActiveCfg = Release|Any CPU
		{24A8ED34-661A-447E-ABCE-472C58480E58}.Release|Any CPU.Build.0 = Release|Any CPU
		{24A8ED34-661A-447E-ABCE-472C58480E58}.Release|Mixed Platforms.ActiveCfg = Release|Any CPU
		{24A8ED34-661A-447E-ABCE-472C58480E58}.Release|Mixed Platforms.Build.0 = Release|Any CPU
		{24A8ED34-661A-447E-ABCE-472C58480E58}.Release|Win32.ActiveCfg = Release|Any CPU
		{24A8ED34-661A-447E-ABCE-472C58480E58}.Release|x64.ActiveCfg = Release|Any CPU
		{24A8ED34-661A-447E-ABCE-472C58480E58}.Release|x86.ActiveCfg = Release|Any CPU
		{24A8ED34-661A-447E-ABCE-472C58480E58}.Release|x86.Build.0 = Release|Any CPU
		{24A8ED34-661A-447E-ABCE-472C58480E58}.SC (minimum size)|Any CPU.ActiveCfg = Release|Any CPU
		{24A8ED34-661A-447E-ABCE-472C58480E58}.SC (minimum size)|Mixed Platforms.ActiveCfg = Release|Any CPU
		{24A8ED34-661A-447E-ABCE-472C58480E58}.SC (minimum size)|Win32.ActiveCfg = Release|Any CPU
		{24A8ED34-661A-447E-ABCE-472C58480E58}.SC (minimum size)|x64.ActiveCfg = Release|Any CPU
		{24A8ED34-661A-447E-ABCE-472C58480E58}.SC (minimum size)|x86.ActiveCfg = Release|Any CPU
		{24A8ED34-661A-447E-ABCE-472C58480E58}.SC (self-contained)|Any CPU.ActiveCfg = Release|Any CPU
		{24A8ED34-661A-447E-ABCE-472C58480E58}.SC (self-contained)|Mixed Platforms.ActiveCfg = Release|Any CPU
		{24A8ED34-661A-447E-ABCE-472C58480E58}.SC (self-contained)|Win32.ActiveCfg = Release|Any CPU
		{24A8ED34-661A-447E-ABCE-472C58480E58}.SC (self-contained)|x64.ActiveCfg = Release|Any CPU
		{24A8ED34-661A-447E-ABCE-472C58480E58}.SC (self-contained)|x86.ActiveCfg = Release|Any CPU
		{24A8ED34-661A-447E-ABCE-472C58480E58}.SignedRelease|Any CPU.ActiveCfg = Release|Any CPU
		{24A8ED34-661A-447E-ABCE-472C58480E58}.SignedRelease|Any CPU.Build.0 = Release|Any CPU
		{24A8ED34-661A-447E-ABCE-472C58480E58}.SignedRelease|Mixed Platforms.ActiveCfg = Release|Any CPU
		{24A8ED34-661A-447E-ABCE-472C58480E58}.SignedRelease|Mixed Platforms.Build.0 = Release|Any CPU
		{24A8ED34-661A-447E-ABCE-472C58480E58}.SignedRelease|Win32.ActiveCfg = Release|Any CPU
		{24A8ED34-661A-447E-ABCE-472C58480E58}.SignedRelease|x64.ActiveCfg = Release|Any CPU
		{24A8ED34-661A-447E-ABCE-472C58480E58}.SignedRelease|x86.ActiveCfg = Release|Any CPU
		{AC7F5B7A-A16B-4712-8942-F6D3E6ECB7F6}.Debug|Any CPU.ActiveCfg = Debug|Any CPU
		{AC7F5B7A-A16B-4712-8942-F6D3E6ECB7F6}.Debug|Any CPU.Build.0 = Debug|Any CPU
		{AC7F5B7A-A16B-4712-8942-F6D3E6ECB7F6}.Debug|Mixed Platforms.ActiveCfg = Debug|x86
		{AC7F5B7A-A16B-4712-8942-F6D3E6ECB7F6}.Debug|Mixed Platforms.Build.0 = Debug|x86
		{AC7F5B7A-A16B-4712-8942-F6D3E6ECB7F6}.Debug|Win32.ActiveCfg = Debug|Any CPU
		{AC7F5B7A-A16B-4712-8942-F6D3E6ECB7F6}.Debug|x64.ActiveCfg = Debug|x86
		{AC7F5B7A-A16B-4712-8942-F6D3E6ECB7F6}.Debug|x86.ActiveCfg = Debug|x86
		{AC7F5B7A-A16B-4712-8942-F6D3E6ECB7F6}.Debug|x86.Build.0 = Debug|x86
		{AC7F5B7A-A16B-4712-8942-F6D3E6ECB7F6}.Release (StyleCop)|Any CPU.ActiveCfg = Release|x86
		{AC7F5B7A-A16B-4712-8942-F6D3E6ECB7F6}.Release (StyleCop)|Mixed Platforms.ActiveCfg = Release|x86
		{AC7F5B7A-A16B-4712-8942-F6D3E6ECB7F6}.Release (StyleCop)|Mixed Platforms.Build.0 = Release|x86
		{AC7F5B7A-A16B-4712-8942-F6D3E6ECB7F6}.Release (StyleCop)|Win32.ActiveCfg = Release|Any CPU
		{AC7F5B7A-A16B-4712-8942-F6D3E6ECB7F6}.Release (StyleCop)|x64.ActiveCfg = Release|x86
		{AC7F5B7A-A16B-4712-8942-F6D3E6ECB7F6}.Release (StyleCop)|x86.ActiveCfg = Release|x86
		{AC7F5B7A-A16B-4712-8942-F6D3E6ECB7F6}.Release (StyleCop)|x86.Build.0 = Release|x86
		{AC7F5B7A-A16B-4712-8942-F6D3E6ECB7F6}.Release|Any CPU.ActiveCfg = Release|Any CPU
		{AC7F5B7A-A16B-4712-8942-F6D3E6ECB7F6}.Release|Any CPU.Build.0 = Release|Any CPU
		{AC7F5B7A-A16B-4712-8942-F6D3E6ECB7F6}.Release|Mixed Platforms.ActiveCfg = Release|x86
		{AC7F5B7A-A16B-4712-8942-F6D3E6ECB7F6}.Release|Mixed Platforms.Build.0 = Release|x86
		{AC7F5B7A-A16B-4712-8942-F6D3E6ECB7F6}.Release|Win32.ActiveCfg = Release|Any CPU
		{AC7F5B7A-A16B-4712-8942-F6D3E6ECB7F6}.Release|x64.ActiveCfg = Release|x86
		{AC7F5B7A-A16B-4712-8942-F6D3E6ECB7F6}.Release|x86.ActiveCfg = Release|x86
		{AC7F5B7A-A16B-4712-8942-F6D3E6ECB7F6}.Release|x86.Build.0 = Release|x86
		{AC7F5B7A-A16B-4712-8942-F6D3E6ECB7F6}.SC (minimum size)|Any CPU.ActiveCfg = Release|Any CPU
		{AC7F5B7A-A16B-4712-8942-F6D3E6ECB7F6}.SC (minimum size)|Any CPU.Build.0 = Release|Any CPU
		{AC7F5B7A-A16B-4712-8942-F6D3E6ECB7F6}.SC (minimum size)|Mixed Platforms.ActiveCfg = Release|Any CPU
		{AC7F5B7A-A16B-4712-8942-F6D3E6ECB7F6}.SC (minimum size)|Mixed Platforms.Build.0 = Release|Any CPU
		{AC7F5B7A-A16B-4712-8942-F6D3E6ECB7F6}.SC (minimum size)|Win32.ActiveCfg = Release|Any CPU
		{AC7F5B7A-A16B-4712-8942-F6D3E6ECB7F6}.SC (minimum size)|x64.ActiveCfg = Release|Any CPU
		{AC7F5B7A-A16B-4712-8942-F6D3E6ECB7F6}.SC (minimum size)|x86.ActiveCfg = Release|Any CPU
		{AC7F5B7A-A16B-4712-8942-F6D3E6ECB7F6}.SC (self-contained)|Any CPU.ActiveCfg = Release|Any CPU
		{AC7F5B7A-A16B-4712-8942-F6D3E6ECB7F6}.SC (self-contained)|Any CPU.Build.0 = Release|Any CPU
		{AC7F5B7A-A16B-4712-8942-F6D3E6ECB7F6}.SC (self-contained)|Mixed Platforms.ActiveCfg = Release|Any CPU
		{AC7F5B7A-A16B-4712-8942-F6D3E6ECB7F6}.SC (self-contained)|Mixed Platforms.Build.0 = Release|Any CPU
		{AC7F5B7A-A16B-4712-8942-F6D3E6ECB7F6}.SC (self-contained)|Win32.ActiveCfg = Release|Any CPU
		{AC7F5B7A-A16B-4712-8942-F6D3E6ECB7F6}.SC (self-contained)|x64.ActiveCfg = Release|Any CPU
		{AC7F5B7A-A16B-4712-8942-F6D3E6ECB7F6}.SC (self-contained)|x86.ActiveCfg = Release|Any CPU
		{AC7F5B7A-A16B-4712-8942-F6D3E6ECB7F6}.SignedRelease|Any CPU.ActiveCfg = Release|x86
		{AC7F5B7A-A16B-4712-8942-F6D3E6ECB7F6}.SignedRelease|Mixed Platforms.ActiveCfg = Release|x86
		{AC7F5B7A-A16B-4712-8942-F6D3E6ECB7F6}.SignedRelease|Mixed Platforms.Build.0 = Release|x86
		{AC7F5B7A-A16B-4712-8942-F6D3E6ECB7F6}.SignedRelease|Win32.ActiveCfg = Release|Any CPU
		{AC7F5B7A-A16B-4712-8942-F6D3E6ECB7F6}.SignedRelease|x64.ActiveCfg = Release|x86
		{AC7F5B7A-A16B-4712-8942-F6D3E6ECB7F6}.SignedRelease|x86.ActiveCfg = Release|x86
		{AC7F5B7A-A16B-4712-8942-F6D3E6ECB7F6}.SignedRelease|x86.Build.0 = Release|x86
		{C9F848C5-8DAC-451F-B925-05B02810C56F}.Debug|Any CPU.ActiveCfg = Debug|Any CPU
		{C9F848C5-8DAC-451F-B925-05B02810C56F}.Debug|Any CPU.Build.0 = Debug|Any CPU
		{C9F848C5-8DAC-451F-B925-05B02810C56F}.Debug|Mixed Platforms.ActiveCfg = Debug|Any CPU
		{C9F848C5-8DAC-451F-B925-05B02810C56F}.Debug|Mixed Platforms.Build.0 = Debug|Any CPU
		{C9F848C5-8DAC-451F-B925-05B02810C56F}.Debug|Win32.ActiveCfg = Debug|Any CPU
		{C9F848C5-8DAC-451F-B925-05B02810C56F}.Debug|x64.ActiveCfg = Debug|Any CPU
		{C9F848C5-8DAC-451F-B925-05B02810C56F}.Debug|x86.ActiveCfg = Debug|Any CPU
		{C9F848C5-8DAC-451F-B925-05B02810C56F}.Debug|x86.Build.0 = Debug|Any CPU
		{C9F848C5-8DAC-451F-B925-05B02810C56F}.Release (StyleCop)|Any CPU.ActiveCfg = Release|Any CPU
		{C9F848C5-8DAC-451F-B925-05B02810C56F}.Release (StyleCop)|Any CPU.Build.0 = Release|Any CPU
		{C9F848C5-8DAC-451F-B925-05B02810C56F}.Release (StyleCop)|Mixed Platforms.ActiveCfg = Release|Any CPU
		{C9F848C5-8DAC-451F-B925-05B02810C56F}.Release (StyleCop)|Mixed Platforms.Build.0 = Release|Any CPU
		{C9F848C5-8DAC-451F-B925-05B02810C56F}.Release (StyleCop)|Win32.ActiveCfg = Release|Any CPU
		{C9F848C5-8DAC-451F-B925-05B02810C56F}.Release (StyleCop)|x64.ActiveCfg = Release|Any CPU
		{C9F848C5-8DAC-451F-B925-05B02810C56F}.Release (StyleCop)|x86.ActiveCfg = Release|Any CPU
		{C9F848C5-8DAC-451F-B925-05B02810C56F}.Release|Any CPU.ActiveCfg = Release|Any CPU
		{C9F848C5-8DAC-451F-B925-05B02810C56F}.Release|Any CPU.Build.0 = Release|Any CPU
		{C9F848C5-8DAC-451F-B925-05B02810C56F}.Release|Mixed Platforms.ActiveCfg = Release|Any CPU
		{C9F848C5-8DAC-451F-B925-05B02810C56F}.Release|Mixed Platforms.Build.0 = Release|Any CPU
		{C9F848C5-8DAC-451F-B925-05B02810C56F}.Release|Win32.ActiveCfg = Release|Any CPU
		{C9F848C5-8DAC-451F-B925-05B02810C56F}.Release|x64.ActiveCfg = Release|Any CPU
		{C9F848C5-8DAC-451F-B925-05B02810C56F}.Release|x86.ActiveCfg = Release|Any CPU
		{C9F848C5-8DAC-451F-B925-05B02810C56F}.Release|x86.Build.0 = Release|Any CPU
		{C9F848C5-8DAC-451F-B925-05B02810C56F}.SC (minimum size)|Any CPU.ActiveCfg = Release|Any CPU
		{C9F848C5-8DAC-451F-B925-05B02810C56F}.SC (minimum size)|Any CPU.Build.0 = Release|Any CPU
		{C9F848C5-8DAC-451F-B925-05B02810C56F}.SC (minimum size)|Mixed Platforms.ActiveCfg = Release|Any CPU
		{C9F848C5-8DAC-451F-B925-05B02810C56F}.SC (minimum size)|Mixed Platforms.Build.0 = Release|Any CPU
		{C9F848C5-8DAC-451F-B925-05B02810C56F}.SC (minimum size)|Win32.ActiveCfg = Release|Any CPU
		{C9F848C5-8DAC-451F-B925-05B02810C56F}.SC (minimum size)|x64.ActiveCfg = Release|Any CPU
		{C9F848C5-8DAC-451F-B925-05B02810C56F}.SC (minimum size)|x86.ActiveCfg = Release|Any CPU
		{C9F848C5-8DAC-451F-B925-05B02810C56F}.SC (self-contained)|Any CPU.ActiveCfg = Release|Any CPU
		{C9F848C5-8DAC-451F-B925-05B02810C56F}.SC (self-contained)|Any CPU.Build.0 = Release|Any CPU
		{C9F848C5-8DAC-451F-B925-05B02810C56F}.SC (self-contained)|Mixed Platforms.ActiveCfg = Release|Any CPU
		{C9F848C5-8DAC-451F-B925-05B02810C56F}.SC (self-contained)|Mixed Platforms.Build.0 = Release|Any CPU
		{C9F848C5-8DAC-451F-B925-05B02810C56F}.SC (self-contained)|Win32.ActiveCfg = Release|Any CPU
		{C9F848C5-8DAC-451F-B925-05B02810C56F}.SC (self-contained)|x64.ActiveCfg = Release|Any CPU
		{C9F848C5-8DAC-451F-B925-05B02810C56F}.SC (self-contained)|x86.ActiveCfg = Release|Any CPU
		{C9F848C5-8DAC-451F-B925-05B02810C56F}.SignedRelease|Any CPU.ActiveCfg = Release|Any CPU
		{C9F848C5-8DAC-451F-B925-05B02810C56F}.SignedRelease|Any CPU.Build.0 = Release|Any CPU
		{C9F848C5-8DAC-451F-B925-05B02810C56F}.SignedRelease|Mixed Platforms.ActiveCfg = Release|Any CPU
		{C9F848C5-8DAC-451F-B925-05B02810C56F}.SignedRelease|Mixed Platforms.Build.0 = Release|Any CPU
		{C9F848C5-8DAC-451F-B925-05B02810C56F}.SignedRelease|Win32.ActiveCfg = Release|Any CPU
		{C9F848C5-8DAC-451F-B925-05B02810C56F}.SignedRelease|x64.ActiveCfg = Release|Any CPU
		{C9F848C5-8DAC-451F-B925-05B02810C56F}.SignedRelease|x86.ActiveCfg = Release|Any CPU
		{DBB340F9-2386-43C2-A473-FA496CBE07A4}.Debug|Any CPU.ActiveCfg = Debug|Any CPU
		{DBB340F9-2386-43C2-A473-FA496CBE07A4}.Debug|Any CPU.Build.0 = Debug|Any CPU
		{DBB340F9-2386-43C2-A473-FA496CBE07A4}.Debug|Mixed Platforms.ActiveCfg = Debug|Any CPU
		{DBB340F9-2386-43C2-A473-FA496CBE07A4}.Debug|Mixed Platforms.Build.0 = Debug|Any CPU
		{DBB340F9-2386-43C2-A473-FA496CBE07A4}.Debug|Win32.ActiveCfg = Debug|Any CPU
		{DBB340F9-2386-43C2-A473-FA496CBE07A4}.Debug|x64.ActiveCfg = Debug|Any CPU
		{DBB340F9-2386-43C2-A473-FA496CBE07A4}.Debug|x86.ActiveCfg = Debug|Any CPU
		{DBB340F9-2386-43C2-A473-FA496CBE07A4}.Debug|x86.Build.0 = Debug|Any CPU
		{DBB340F9-2386-43C2-A473-FA496CBE07A4}.Release (StyleCop)|Any CPU.ActiveCfg = Release (StyleCop)|Any CPU
		{DBB340F9-2386-43C2-A473-FA496CBE07A4}.Release (StyleCop)|Any CPU.Build.0 = Release (StyleCop)|Any CPU
		{DBB340F9-2386-43C2-A473-FA496CBE07A4}.Release (StyleCop)|Mixed Platforms.ActiveCfg = Release (StyleCop)|Any CPU
		{DBB340F9-2386-43C2-A473-FA496CBE07A4}.Release (StyleCop)|Mixed Platforms.Build.0 = Release (StyleCop)|Any CPU
		{DBB340F9-2386-43C2-A473-FA496CBE07A4}.Release (StyleCop)|Win32.ActiveCfg = Release (StyleCop)|Any CPU
		{DBB340F9-2386-43C2-A473-FA496CBE07A4}.Release (StyleCop)|x64.ActiveCfg = Release (StyleCop)|Any CPU
		{DBB340F9-2386-43C2-A473-FA496CBE07A4}.Release (StyleCop)|x86.ActiveCfg = Release (StyleCop)|Any CPU
		{DBB340F9-2386-43C2-A473-FA496CBE07A4}.Release|Any CPU.ActiveCfg = Release|Any CPU
		{DBB340F9-2386-43C2-A473-FA496CBE07A4}.Release|Any CPU.Build.0 = Release|Any CPU
		{DBB340F9-2386-43C2-A473-FA496CBE07A4}.Release|Mixed Platforms.ActiveCfg = Release|Any CPU
		{DBB340F9-2386-43C2-A473-FA496CBE07A4}.Release|Mixed Platforms.Build.0 = Release|Any CPU
		{DBB340F9-2386-43C2-A473-FA496CBE07A4}.Release|Win32.ActiveCfg = Release|Any CPU
		{DBB340F9-2386-43C2-A473-FA496CBE07A4}.Release|x64.ActiveCfg = Release|Any CPU
		{DBB340F9-2386-43C2-A473-FA496CBE07A4}.Release|x86.ActiveCfg = Release|Any CPU
		{DBB340F9-2386-43C2-A473-FA496CBE07A4}.Release|x86.Build.0 = Release|Any CPU
		{DBB340F9-2386-43C2-A473-FA496CBE07A4}.SC (minimum size)|Any CPU.ActiveCfg = SignedRelease|Any CPU
		{DBB340F9-2386-43C2-A473-FA496CBE07A4}.SC (minimum size)|Any CPU.Build.0 = SignedRelease|Any CPU
		{DBB340F9-2386-43C2-A473-FA496CBE07A4}.SC (minimum size)|Mixed Platforms.ActiveCfg = SignedRelease|Any CPU
		{DBB340F9-2386-43C2-A473-FA496CBE07A4}.SC (minimum size)|Mixed Platforms.Build.0 = SignedRelease|Any CPU
		{DBB340F9-2386-43C2-A473-FA496CBE07A4}.SC (minimum size)|Win32.ActiveCfg = SignedRelease|Any CPU
		{DBB340F9-2386-43C2-A473-FA496CBE07A4}.SC (minimum size)|x64.ActiveCfg = SignedRelease|Any CPU
		{DBB340F9-2386-43C2-A473-FA496CBE07A4}.SC (minimum size)|x86.ActiveCfg = SignedRelease|Any CPU
		{DBB340F9-2386-43C2-A473-FA496CBE07A4}.SC (self-contained)|Any CPU.ActiveCfg = SignedRelease|Any CPU
		{DBB340F9-2386-43C2-A473-FA496CBE07A4}.SC (self-contained)|Any CPU.Build.0 = SignedRelease|Any CPU
		{DBB340F9-2386-43C2-A473-FA496CBE07A4}.SC (self-contained)|Mixed Platforms.ActiveCfg = SignedRelease|Any CPU
		{DBB340F9-2386-43C2-A473-FA496CBE07A4}.SC (self-contained)|Mixed Platforms.Build.0 = SignedRelease|Any CPU
		{DBB340F9-2386-43C2-A473-FA496CBE07A4}.SC (self-contained)|Win32.ActiveCfg = SignedRelease|Any CPU
		{DBB340F9-2386-43C2-A473-FA496CBE07A4}.SC (self-contained)|x64.ActiveCfg = SignedRelease|Any CPU
		{DBB340F9-2386-43C2-A473-FA496CBE07A4}.SC (self-contained)|x86.ActiveCfg = SignedRelease|Any CPU
		{DBB340F9-2386-43C2-A473-FA496CBE07A4}.SignedRelease|Any CPU.ActiveCfg = SignedRelease|Any CPU
		{DBB340F9-2386-43C2-A473-FA496CBE07A4}.SignedRelease|Any CPU.Build.0 = SignedRelease|Any CPU
		{DBB340F9-2386-43C2-A473-FA496CBE07A4}.SignedRelease|Mixed Platforms.ActiveCfg = SignedRelease|Any CPU
		{DBB340F9-2386-43C2-A473-FA496CBE07A4}.SignedRelease|Mixed Platforms.Build.0 = SignedRelease|Any CPU
		{DBB340F9-2386-43C2-A473-FA496CBE07A4}.SignedRelease|Win32.ActiveCfg = SignedRelease|Any CPU
		{DBB340F9-2386-43C2-A473-FA496CBE07A4}.SignedRelease|x64.ActiveCfg = SignedRelease|Any CPU
		{DBB340F9-2386-43C2-A473-FA496CBE07A4}.SignedRelease|x86.ActiveCfg = SignedRelease|Any CPU
		{40F44FCF-5C77-404D-82BD-9E17BDA5E04B}.Debug|Any CPU.ActiveCfg = Debug|Any CPU
		{40F44FCF-5C77-404D-82BD-9E17BDA5E04B}.Debug|Any CPU.Build.0 = Debug|Any CPU
		{40F44FCF-5C77-404D-82BD-9E17BDA5E04B}.Debug|Mixed Platforms.ActiveCfg = Debug|Any CPU
		{40F44FCF-5C77-404D-82BD-9E17BDA5E04B}.Debug|Mixed Platforms.Build.0 = Debug|Any CPU
		{40F44FCF-5C77-404D-82BD-9E17BDA5E04B}.Debug|Win32.ActiveCfg = Debug|Any CPU
		{40F44FCF-5C77-404D-82BD-9E17BDA5E04B}.Debug|x64.ActiveCfg = Debug|Any CPU
		{40F44FCF-5C77-404D-82BD-9E17BDA5E04B}.Debug|x86.ActiveCfg = Debug|Any CPU
		{40F44FCF-5C77-404D-82BD-9E17BDA5E04B}.Debug|x86.Build.0 = Debug|Any CPU
		{40F44FCF-5C77-404D-82BD-9E17BDA5E04B}.Release (StyleCop)|Any CPU.ActiveCfg = Release (StyleCop)|Any CPU
		{40F44FCF-5C77-404D-82BD-9E17BDA5E04B}.Release (StyleCop)|Any CPU.Build.0 = Release (StyleCop)|Any CPU
		{40F44FCF-5C77-404D-82BD-9E17BDA5E04B}.Release (StyleCop)|Mixed Platforms.ActiveCfg = Release (StyleCop)|Any CPU
		{40F44FCF-5C77-404D-82BD-9E17BDA5E04B}.Release (StyleCop)|Mixed Platforms.Build.0 = Release (StyleCop)|Any CPU
		{40F44FCF-5C77-404D-82BD-9E17BDA5E04B}.Release (StyleCop)|Win32.ActiveCfg = Release (StyleCop)|Any CPU
		{40F44FCF-5C77-404D-82BD-9E17BDA5E04B}.Release (StyleCop)|x64.ActiveCfg = Release (StyleCop)|Any CPU
		{40F44FCF-5C77-404D-82BD-9E17BDA5E04B}.Release (StyleCop)|x86.ActiveCfg = Release (StyleCop)|Any CPU
		{40F44FCF-5C77-404D-82BD-9E17BDA5E04B}.Release|Any CPU.ActiveCfg = Release|Any CPU
		{40F44FCF-5C77-404D-82BD-9E17BDA5E04B}.Release|Any CPU.Build.0 = Release|Any CPU
		{40F44FCF-5C77-404D-82BD-9E17BDA5E04B}.Release|Mixed Platforms.ActiveCfg = Release|Any CPU
		{40F44FCF-5C77-404D-82BD-9E17BDA5E04B}.Release|Mixed Platforms.Build.0 = Release|Any CPU
		{40F44FCF-5C77-404D-82BD-9E17BDA5E04B}.Release|Win32.ActiveCfg = Release|Any CPU
		{40F44FCF-5C77-404D-82BD-9E17BDA5E04B}.Release|x64.ActiveCfg = Release|Any CPU
		{40F44FCF-5C77-404D-82BD-9E17BDA5E04B}.Release|x86.ActiveCfg = Release|Any CPU
		{40F44FCF-5C77-404D-82BD-9E17BDA5E04B}.Release|x86.Build.0 = Release|Any CPU
		{40F44FCF-5C77-404D-82BD-9E17BDA5E04B}.SC (minimum size)|Any CPU.ActiveCfg = SignedRelease|Any CPU
		{40F44FCF-5C77-404D-82BD-9E17BDA5E04B}.SC (minimum size)|Any CPU.Build.0 = SignedRelease|Any CPU
		{40F44FCF-5C77-404D-82BD-9E17BDA5E04B}.SC (minimum size)|Mixed Platforms.ActiveCfg = SignedRelease|Any CPU
		{40F44FCF-5C77-404D-82BD-9E17BDA5E04B}.SC (minimum size)|Mixed Platforms.Build.0 = SignedRelease|Any CPU
		{40F44FCF-5C77-404D-82BD-9E17BDA5E04B}.SC (minimum size)|Win32.ActiveCfg = SignedRelease|Any CPU
		{40F44FCF-5C77-404D-82BD-9E17BDA5E04B}.SC (minimum size)|x64.ActiveCfg = SignedRelease|Any CPU
		{40F44FCF-5C77-404D-82BD-9E17BDA5E04B}.SC (minimum size)|x86.ActiveCfg = SignedRelease|Any CPU
		{40F44FCF-5C77-404D-82BD-9E17BDA5E04B}.SC (self-contained)|Any CPU.ActiveCfg = SignedRelease|Any CPU
		{40F44FCF-5C77-404D-82BD-9E17BDA5E04B}.SC (self-contained)|Any CPU.Build.0 = SignedRelease|Any CPU
		{40F44FCF-5C77-404D-82BD-9E17BDA5E04B}.SC (self-contained)|Mixed Platforms.ActiveCfg = SignedRelease|Any CPU
		{40F44FCF-5C77-404D-82BD-9E17BDA5E04B}.SC (self-contained)|Mixed Platforms.Build.0 = SignedRelease|Any CPU
		{40F44FCF-5C77-404D-82BD-9E17BDA5E04B}.SC (self-contained)|Win32.ActiveCfg = SignedRelease|Any CPU
		{40F44FCF-5C77-404D-82BD-9E17BDA5E04B}.SC (self-contained)|x64.ActiveCfg = SignedRelease|Any CPU
		{40F44FCF-5C77-404D-82BD-9E17BDA5E04B}.SC (self-contained)|x86.ActiveCfg = SignedRelease|Any CPU
		{40F44FCF-5C77-404D-82BD-9E17BDA5E04B}.SignedRelease|Any CPU.ActiveCfg = SignedRelease|Any CPU
		{40F44FCF-5C77-404D-82BD-9E17BDA5E04B}.SignedRelease|Any CPU.Build.0 = SignedRelease|Any CPU
		{40F44FCF-5C77-404D-82BD-9E17BDA5E04B}.SignedRelease|Mixed Platforms.ActiveCfg = SignedRelease|Any CPU
		{40F44FCF-5C77-404D-82BD-9E17BDA5E04B}.SignedRelease|Mixed Platforms.Build.0 = SignedRelease|Any CPU
		{40F44FCF-5C77-404D-82BD-9E17BDA5E04B}.SignedRelease|Win32.ActiveCfg = SignedRelease|Any CPU
		{40F44FCF-5C77-404D-82BD-9E17BDA5E04B}.SignedRelease|x64.ActiveCfg = SignedRelease|Any CPU
		{40F44FCF-5C77-404D-82BD-9E17BDA5E04B}.SignedRelease|x86.ActiveCfg = SignedRelease|Any CPU
		{1C8A5FB6-633A-43BD-B1B7-75A0DDC308F5}.Debug|Any CPU.ActiveCfg = Debug|Any CPU
		{1C8A5FB6-633A-43BD-B1B7-75A0DDC308F5}.Debug|Any CPU.Build.0 = Debug|Any CPU
		{1C8A5FB6-633A-43BD-B1B7-75A0DDC308F5}.Debug|Mixed Platforms.ActiveCfg = Debug|Any CPU
		{1C8A5FB6-633A-43BD-B1B7-75A0DDC308F5}.Debug|Mixed Platforms.Build.0 = Debug|Any CPU
		{1C8A5FB6-633A-43BD-B1B7-75A0DDC308F5}.Debug|Win32.ActiveCfg = Debug|Any CPU
		{1C8A5FB6-633A-43BD-B1B7-75A0DDC308F5}.Debug|x64.ActiveCfg = Debug|Any CPU
		{1C8A5FB6-633A-43BD-B1B7-75A0DDC308F5}.Debug|x86.ActiveCfg = Debug|Any CPU
		{1C8A5FB6-633A-43BD-B1B7-75A0DDC308F5}.Debug|x86.Build.0 = Debug|Any CPU
		{1C8A5FB6-633A-43BD-B1B7-75A0DDC308F5}.Release (StyleCop)|Any CPU.ActiveCfg = Release|Any CPU
		{1C8A5FB6-633A-43BD-B1B7-75A0DDC308F5}.Release (StyleCop)|Any CPU.Build.0 = Release|Any CPU
		{1C8A5FB6-633A-43BD-B1B7-75A0DDC308F5}.Release (StyleCop)|Mixed Platforms.ActiveCfg = Release|Any CPU
		{1C8A5FB6-633A-43BD-B1B7-75A0DDC308F5}.Release (StyleCop)|Mixed Platforms.Build.0 = Release|Any CPU
		{1C8A5FB6-633A-43BD-B1B7-75A0DDC308F5}.Release (StyleCop)|Win32.ActiveCfg = Release|Any CPU
		{1C8A5FB6-633A-43BD-B1B7-75A0DDC308F5}.Release (StyleCop)|x64.ActiveCfg = Release|Any CPU
		{1C8A5FB6-633A-43BD-B1B7-75A0DDC308F5}.Release (StyleCop)|x86.ActiveCfg = Release|Any CPU
		{1C8A5FB6-633A-43BD-B1B7-75A0DDC308F5}.Release|Any CPU.ActiveCfg = Release|Any CPU
		{1C8A5FB6-633A-43BD-B1B7-75A0DDC308F5}.Release|Any CPU.Build.0 = Release|Any CPU
		{1C8A5FB6-633A-43BD-B1B7-75A0DDC308F5}.Release|Mixed Platforms.ActiveCfg = Release|Any CPU
		{1C8A5FB6-633A-43BD-B1B7-75A0DDC308F5}.Release|Mixed Platforms.Build.0 = Release|Any CPU
		{1C8A5FB6-633A-43BD-B1B7-75A0DDC308F5}.Release|Win32.ActiveCfg = Release|Any CPU
		{1C8A5FB6-633A-43BD-B1B7-75A0DDC308F5}.Release|x64.ActiveCfg = Release|Any CPU
		{1C8A5FB6-633A-43BD-B1B7-75A0DDC308F5}.Release|x86.ActiveCfg = Release|Any CPU
		{1C8A5FB6-633A-43BD-B1B7-75A0DDC308F5}.Release|x86.Build.0 = Release|Any CPU
		{1C8A5FB6-633A-43BD-B1B7-75A0DDC308F5}.SC (minimum size)|Any CPU.ActiveCfg = Release|Any CPU
		{1C8A5FB6-633A-43BD-B1B7-75A0DDC308F5}.SC (minimum size)|Any CPU.Build.0 = Release|Any CPU
		{1C8A5FB6-633A-43BD-B1B7-75A0DDC308F5}.SC (minimum size)|Mixed Platforms.ActiveCfg = Release|Any CPU
		{1C8A5FB6-633A-43BD-B1B7-75A0DDC308F5}.SC (minimum size)|Mixed Platforms.Build.0 = Release|Any CPU
		{1C8A5FB6-633A-43BD-B1B7-75A0DDC308F5}.SC (minimum size)|Win32.ActiveCfg = Release|Any CPU
		{1C8A5FB6-633A-43BD-B1B7-75A0DDC308F5}.SC (minimum size)|x64.ActiveCfg = Release|Any CPU
		{1C8A5FB6-633A-43BD-B1B7-75A0DDC308F5}.SC (minimum size)|x86.ActiveCfg = Release|Any CPU
		{1C8A5FB6-633A-43BD-B1B7-75A0DDC308F5}.SC (self-contained)|Any CPU.ActiveCfg = Release|Any CPU
		{1C8A5FB6-633A-43BD-B1B7-75A0DDC308F5}.SC (self-contained)|Any CPU.Build.0 = Release|Any CPU
		{1C8A5FB6-633A-43BD-B1B7-75A0DDC308F5}.SC (self-contained)|Mixed Platforms.ActiveCfg = Release|Any CPU
		{1C8A5FB6-633A-43BD-B1B7-75A0DDC308F5}.SC (self-contained)|Mixed Platforms.Build.0 = Release|Any CPU
		{1C8A5FB6-633A-43BD-B1B7-75A0DDC308F5}.SC (self-contained)|Win32.ActiveCfg = Release|Any CPU
		{1C8A5FB6-633A-43BD-B1B7-75A0DDC308F5}.SC (self-contained)|x64.ActiveCfg = Release|Any CPU
		{1C8A5FB6-633A-43BD-B1B7-75A0DDC308F5}.SC (self-contained)|x86.ActiveCfg = Release|Any CPU
		{1C8A5FB6-633A-43BD-B1B7-75A0DDC308F5}.SignedRelease|Any CPU.ActiveCfg = Release|Any CPU
		{1C8A5FB6-633A-43BD-B1B7-75A0DDC308F5}.SignedRelease|Any CPU.Build.0 = Release|Any CPU
		{1C8A5FB6-633A-43BD-B1B7-75A0DDC308F5}.SignedRelease|Mixed Platforms.ActiveCfg = Release|Any CPU
		{1C8A5FB6-633A-43BD-B1B7-75A0DDC308F5}.SignedRelease|Mixed Platforms.Build.0 = Release|Any CPU
		{1C8A5FB6-633A-43BD-B1B7-75A0DDC308F5}.SignedRelease|Win32.ActiveCfg = Release|Any CPU
		{1C8A5FB6-633A-43BD-B1B7-75A0DDC308F5}.SignedRelease|x64.ActiveCfg = Release|Any CPU
		{1C8A5FB6-633A-43BD-B1B7-75A0DDC308F5}.SignedRelease|x86.ActiveCfg = Release|Any CPU
		{2EFE526F-79B3-49BC-9575-A7B258C59BB5}.Debug|Any CPU.ActiveCfg = Debug|Any CPU
		{2EFE526F-79B3-49BC-9575-A7B258C59BB5}.Debug|Any CPU.Build.0 = Debug|Any CPU
		{2EFE526F-79B3-49BC-9575-A7B258C59BB5}.Debug|Mixed Platforms.ActiveCfg = Debug|Any CPU
		{2EFE526F-79B3-49BC-9575-A7B258C59BB5}.Debug|Mixed Platforms.Build.0 = Debug|Any CPU
		{2EFE526F-79B3-49BC-9575-A7B258C59BB5}.Debug|Win32.ActiveCfg = Debug|Any CPU
		{2EFE526F-79B3-49BC-9575-A7B258C59BB5}.Debug|x64.ActiveCfg = Debug|Any CPU
		{2EFE526F-79B3-49BC-9575-A7B258C59BB5}.Debug|x86.ActiveCfg = Debug|Any CPU
		{2EFE526F-79B3-49BC-9575-A7B258C59BB5}.Release (StyleCop)|Any CPU.ActiveCfg = Release|Any CPU
		{2EFE526F-79B3-49BC-9575-A7B258C59BB5}.Release (StyleCop)|Any CPU.Build.0 = Release|Any CPU
		{2EFE526F-79B3-49BC-9575-A7B258C59BB5}.Release (StyleCop)|Mixed Platforms.ActiveCfg = Release|Any CPU
		{2EFE526F-79B3-49BC-9575-A7B258C59BB5}.Release (StyleCop)|Mixed Platforms.Build.0 = Release|Any CPU
		{2EFE526F-79B3-49BC-9575-A7B258C59BB5}.Release (StyleCop)|Win32.ActiveCfg = Release|Any CPU
		{2EFE526F-79B3-49BC-9575-A7B258C59BB5}.Release (StyleCop)|x64.ActiveCfg = Release|Any CPU
		{2EFE526F-79B3-49BC-9575-A7B258C59BB5}.Release (StyleCop)|x86.ActiveCfg = Release|Any CPU
		{2EFE526F-79B3-49BC-9575-A7B258C59BB5}.Release|Any CPU.ActiveCfg = Release|Any CPU
		{2EFE526F-79B3-49BC-9575-A7B258C59BB5}.Release|Any CPU.Build.0 = Release|Any CPU
		{2EFE526F-79B3-49BC-9575-A7B258C59BB5}.Release|Mixed Platforms.ActiveCfg = Release|Any CPU
		{2EFE526F-79B3-49BC-9575-A7B258C59BB5}.Release|Mixed Platforms.Build.0 = Release|Any CPU
		{2EFE526F-79B3-49BC-9575-A7B258C59BB5}.Release|Win32.ActiveCfg = Release|Any CPU
		{2EFE526F-79B3-49BC-9575-A7B258C59BB5}.Release|x64.ActiveCfg = Release|Any CPU
		{2EFE526F-79B3-49BC-9575-A7B258C59BB5}.Release|x86.ActiveCfg = Release|Any CPU
		{2EFE526F-79B3-49BC-9575-A7B258C59BB5}.Release|x86.Build.0 = Release|Any CPU
		{2EFE526F-79B3-49BC-9575-A7B258C59BB5}.SC (minimum size)|Any CPU.ActiveCfg = Release|Any CPU
		{2EFE526F-79B3-49BC-9575-A7B258C59BB5}.SC (minimum size)|Mixed Platforms.ActiveCfg = Release|Any CPU
		{2EFE526F-79B3-49BC-9575-A7B258C59BB5}.SC (minimum size)|Win32.ActiveCfg = Release|Any CPU
		{2EFE526F-79B3-49BC-9575-A7B258C59BB5}.SC (minimum size)|x64.ActiveCfg = Release|Any CPU
		{2EFE526F-79B3-49BC-9575-A7B258C59BB5}.SC (minimum size)|x86.ActiveCfg = Release|Any CPU
		{2EFE526F-79B3-49BC-9575-A7B258C59BB5}.SC (self-contained)|Any CPU.ActiveCfg = Release|Any CPU
		{2EFE526F-79B3-49BC-9575-A7B258C59BB5}.SC (self-contained)|Mixed Platforms.ActiveCfg = Release|Any CPU
		{2EFE526F-79B3-49BC-9575-A7B258C59BB5}.SC (self-contained)|Win32.ActiveCfg = Release|Any CPU
		{2EFE526F-79B3-49BC-9575-A7B258C59BB5}.SC (self-contained)|x64.ActiveCfg = Release|Any CPU
		{2EFE526F-79B3-49BC-9575-A7B258C59BB5}.SC (self-contained)|x86.ActiveCfg = Release|Any CPU
		{2EFE526F-79B3-49BC-9575-A7B258C59BB5}.SignedRelease|Any CPU.ActiveCfg = Release|Any CPU
		{2EFE526F-79B3-49BC-9575-A7B258C59BB5}.SignedRelease|Any CPU.Build.0 = Release|Any CPU
		{2EFE526F-79B3-49BC-9575-A7B258C59BB5}.SignedRelease|Mixed Platforms.ActiveCfg = Release|Any CPU
		{2EFE526F-79B3-49BC-9575-A7B258C59BB5}.SignedRelease|Mixed Platforms.Build.0 = Release|Any CPU
		{2EFE526F-79B3-49BC-9575-A7B258C59BB5}.SignedRelease|Win32.ActiveCfg = Release|Any CPU
		{2EFE526F-79B3-49BC-9575-A7B258C59BB5}.SignedRelease|x64.ActiveCfg = Release|Any CPU
		{2EFE526F-79B3-49BC-9575-A7B258C59BB5}.SignedRelease|x86.ActiveCfg = Release|Any CPU
		{ECADAA7E-AB37-45BA-AEDF-CFAEE4669297}.Debug|Any CPU.ActiveCfg = Debug|Any CPU
		{ECADAA7E-AB37-45BA-AEDF-CFAEE4669297}.Debug|Any CPU.Build.0 = Debug|Any CPU
		{ECADAA7E-AB37-45BA-AEDF-CFAEE4669297}.Debug|Mixed Platforms.ActiveCfg = Debug|Any CPU
		{ECADAA7E-AB37-45BA-AEDF-CFAEE4669297}.Debug|Mixed Platforms.Build.0 = Debug|Any CPU
		{ECADAA7E-AB37-45BA-AEDF-CFAEE4669297}.Debug|Win32.ActiveCfg = Debug|Any CPU
		{ECADAA7E-AB37-45BA-AEDF-CFAEE4669297}.Debug|x64.ActiveCfg = Debug|Any CPU
		{ECADAA7E-AB37-45BA-AEDF-CFAEE4669297}.Debug|x86.ActiveCfg = Debug|Any CPU
		{ECADAA7E-AB37-45BA-AEDF-CFAEE4669297}.Debug|x86.Build.0 = Debug|Any CPU
		{ECADAA7E-AB37-45BA-AEDF-CFAEE4669297}.Release (StyleCop)|Any CPU.ActiveCfg = Release|Any CPU
		{ECADAA7E-AB37-45BA-AEDF-CFAEE4669297}.Release (StyleCop)|Any CPU.Build.0 = Release|Any CPU
		{ECADAA7E-AB37-45BA-AEDF-CFAEE4669297}.Release (StyleCop)|Mixed Platforms.ActiveCfg = Release|Any CPU
		{ECADAA7E-AB37-45BA-AEDF-CFAEE4669297}.Release (StyleCop)|Mixed Platforms.Build.0 = Release|Any CPU
		{ECADAA7E-AB37-45BA-AEDF-CFAEE4669297}.Release (StyleCop)|Win32.ActiveCfg = Release|Any CPU
		{ECADAA7E-AB37-45BA-AEDF-CFAEE4669297}.Release (StyleCop)|x64.ActiveCfg = Release|Any CPU
		{ECADAA7E-AB37-45BA-AEDF-CFAEE4669297}.Release (StyleCop)|x86.ActiveCfg = Release|Any CPU
		{ECADAA7E-AB37-45BA-AEDF-CFAEE4669297}.Release|Any CPU.ActiveCfg = Release|Any CPU
		{ECADAA7E-AB37-45BA-AEDF-CFAEE4669297}.Release|Any CPU.Build.0 = Release|Any CPU
		{ECADAA7E-AB37-45BA-AEDF-CFAEE4669297}.Release|Mixed Platforms.ActiveCfg = Release|Any CPU
		{ECADAA7E-AB37-45BA-AEDF-CFAEE4669297}.Release|Mixed Platforms.Build.0 = Release|Any CPU
		{ECADAA7E-AB37-45BA-AEDF-CFAEE4669297}.Release|Win32.ActiveCfg = Release|Any CPU
		{ECADAA7E-AB37-45BA-AEDF-CFAEE4669297}.Release|x64.ActiveCfg = Release|Any CPU
		{ECADAA7E-AB37-45BA-AEDF-CFAEE4669297}.Release|x86.ActiveCfg = Release|Any CPU
		{ECADAA7E-AB37-45BA-AEDF-CFAEE4669297}.Release|x86.Build.0 = Release|Any CPU
		{ECADAA7E-AB37-45BA-AEDF-CFAEE4669297}.SC (minimum size)|Any CPU.ActiveCfg = Release|Any CPU
		{ECADAA7E-AB37-45BA-AEDF-CFAEE4669297}.SC (minimum size)|Any CPU.Build.0 = Release|Any CPU
		{ECADAA7E-AB37-45BA-AEDF-CFAEE4669297}.SC (minimum size)|Mixed Platforms.ActiveCfg = Release|Any CPU
		{ECADAA7E-AB37-45BA-AEDF-CFAEE4669297}.SC (minimum size)|Mixed Platforms.Build.0 = Release|Any CPU
		{ECADAA7E-AB37-45BA-AEDF-CFAEE4669297}.SC (minimum size)|Win32.ActiveCfg = Release|Any CPU
		{ECADAA7E-AB37-45BA-AEDF-CFAEE4669297}.SC (minimum size)|x64.ActiveCfg = Release|Any CPU
		{ECADAA7E-AB37-45BA-AEDF-CFAEE4669297}.SC (minimum size)|x86.ActiveCfg = Release|Any CPU
		{ECADAA7E-AB37-45BA-AEDF-CFAEE4669297}.SC (self-contained)|Any CPU.ActiveCfg = Release|Any CPU
		{ECADAA7E-AB37-45BA-AEDF-CFAEE4669297}.SC (self-contained)|Any CPU.Build.0 = Release|Any CPU
		{ECADAA7E-AB37-45BA-AEDF-CFAEE4669297}.SC (self-contained)|Mixed Platforms.ActiveCfg = Release|Any CPU
		{ECADAA7E-AB37-45BA-AEDF-CFAEE4669297}.SC (self-contained)|Mixed Platforms.Build.0 = Release|Any CPU
		{ECADAA7E-AB37-45BA-AEDF-CFAEE4669297}.SC (self-contained)|Win32.ActiveCfg = Release|Any CPU
		{ECADAA7E-AB37-45BA-AEDF-CFAEE4669297}.SC (self-contained)|x64.ActiveCfg = Release|Any CPU
		{ECADAA7E-AB37-45BA-AEDF-CFAEE4669297}.SC (self-contained)|x86.ActiveCfg = Release|Any CPU
		{ECADAA7E-AB37-45BA-AEDF-CFAEE4669297}.SignedRelease|Any CPU.ActiveCfg = Release|Any CPU
		{ECADAA7E-AB37-45BA-AEDF-CFAEE4669297}.SignedRelease|Any CPU.Build.0 = Release|Any CPU
		{ECADAA7E-AB37-45BA-AEDF-CFAEE4669297}.SignedRelease|Mixed Platforms.ActiveCfg = Release|Any CPU
		{ECADAA7E-AB37-45BA-AEDF-CFAEE4669297}.SignedRelease|Mixed Platforms.Build.0 = Release|Any CPU
		{ECADAA7E-AB37-45BA-AEDF-CFAEE4669297}.SignedRelease|Win32.ActiveCfg = Release|Any CPU
		{ECADAA7E-AB37-45BA-AEDF-CFAEE4669297}.SignedRelease|x64.ActiveCfg = Release|Any CPU
		{ECADAA7E-AB37-45BA-AEDF-CFAEE4669297}.SignedRelease|x86.ActiveCfg = Release|Any CPU
		{DA654158-66DC-43B4-B7B1-2CA3B1988D8B}.Debug|Any CPU.ActiveCfg = Debug|Win32
		{DA654158-66DC-43B4-B7B1-2CA3B1988D8B}.Debug|Mixed Platforms.ActiveCfg = Debug|Win32
		{DA654158-66DC-43B4-B7B1-2CA3B1988D8B}.Debug|Mixed Platforms.Build.0 = Debug|Win32
		{DA654158-66DC-43B4-B7B1-2CA3B1988D8B}.Debug|Win32.ActiveCfg = Debug|Win32
		{DA654158-66DC-43B4-B7B1-2CA3B1988D8B}.Debug|Win32.Build.0 = Debug|Win32
		{DA654158-66DC-43B4-B7B1-2CA3B1988D8B}.Debug|x64.ActiveCfg = Debug|Win32
		{DA654158-66DC-43B4-B7B1-2CA3B1988D8B}.Debug|x86.ActiveCfg = Debug|Win32
		{DA654158-66DC-43B4-B7B1-2CA3B1988D8B}.Release (StyleCop)|Any CPU.ActiveCfg = Release|Win32
		{DA654158-66DC-43B4-B7B1-2CA3B1988D8B}.Release (StyleCop)|Mixed Platforms.ActiveCfg = Release|Win32
		{DA654158-66DC-43B4-B7B1-2CA3B1988D8B}.Release (StyleCop)|Mixed Platforms.Build.0 = Release|Win32
		{DA654158-66DC-43B4-B7B1-2CA3B1988D8B}.Release (StyleCop)|Win32.ActiveCfg = Release|Win32
		{DA654158-66DC-43B4-B7B1-2CA3B1988D8B}.Release (StyleCop)|Win32.Build.0 = Release|Win32
		{DA654158-66DC-43B4-B7B1-2CA3B1988D8B}.Release (StyleCop)|x64.ActiveCfg = Release|Win32
		{DA654158-66DC-43B4-B7B1-2CA3B1988D8B}.Release (StyleCop)|x86.ActiveCfg = Release|Win32
		{DA654158-66DC-43B4-B7B1-2CA3B1988D8B}.Release|Any CPU.ActiveCfg = Release|Win32
		{DA654158-66DC-43B4-B7B1-2CA3B1988D8B}.Release|Mixed Platforms.ActiveCfg = Release|Win32
		{DA654158-66DC-43B4-B7B1-2CA3B1988D8B}.Release|Mixed Platforms.Build.0 = Release|Win32
		{DA654158-66DC-43B4-B7B1-2CA3B1988D8B}.Release|Win32.ActiveCfg = Release|Win32
		{DA654158-66DC-43B4-B7B1-2CA3B1988D8B}.Release|Win32.Build.0 = Release|Win32
		{DA654158-66DC-43B4-B7B1-2CA3B1988D8B}.Release|x64.ActiveCfg = Release|Win32
		{DA654158-66DC-43B4-B7B1-2CA3B1988D8B}.Release|x86.ActiveCfg = Release|Win32
		{DA654158-66DC-43B4-B7B1-2CA3B1988D8B}.SC (minimum size)|Any CPU.ActiveCfg = Release|Win32
		{DA654158-66DC-43B4-B7B1-2CA3B1988D8B}.SC (minimum size)|Mixed Platforms.ActiveCfg = Release|Win32
		{DA654158-66DC-43B4-B7B1-2CA3B1988D8B}.SC (minimum size)|Mixed Platforms.Build.0 = Release|Win32
		{DA654158-66DC-43B4-B7B1-2CA3B1988D8B}.SC (minimum size)|Win32.ActiveCfg = Release|Win32
		{DA654158-66DC-43B4-B7B1-2CA3B1988D8B}.SC (minimum size)|Win32.Build.0 = Release|Win32
		{DA654158-66DC-43B4-B7B1-2CA3B1988D8B}.SC (minimum size)|x64.ActiveCfg = Release|Win32
		{DA654158-66DC-43B4-B7B1-2CA3B1988D8B}.SC (minimum size)|x86.ActiveCfg = Release|Win32
		{DA654158-66DC-43B4-B7B1-2CA3B1988D8B}.SC (self-contained)|Any CPU.ActiveCfg = Release|Win32
		{DA654158-66DC-43B4-B7B1-2CA3B1988D8B}.SC (self-contained)|Mixed Platforms.ActiveCfg = Release|Win32
		{DA654158-66DC-43B4-B7B1-2CA3B1988D8B}.SC (self-contained)|Mixed Platforms.Build.0 = Release|Win32
		{DA654158-66DC-43B4-B7B1-2CA3B1988D8B}.SC (self-contained)|Win32.ActiveCfg = Release|Win32
		{DA654158-66DC-43B4-B7B1-2CA3B1988D8B}.SC (self-contained)|Win32.Build.0 = Release|Win32
		{DA654158-66DC-43B4-B7B1-2CA3B1988D8B}.SC (self-contained)|x64.ActiveCfg = Release|Win32
		{DA654158-66DC-43B4-B7B1-2CA3B1988D8B}.SC (self-contained)|x86.ActiveCfg = Release|Win32
		{DA654158-66DC-43B4-B7B1-2CA3B1988D8B}.SignedRelease|Any CPU.ActiveCfg = Release|Win32
		{DA654158-66DC-43B4-B7B1-2CA3B1988D8B}.SignedRelease|Mixed Platforms.ActiveCfg = Release|Win32
		{DA654158-66DC-43B4-B7B1-2CA3B1988D8B}.SignedRelease|Mixed Platforms.Build.0 = Release|Win32
		{DA654158-66DC-43B4-B7B1-2CA3B1988D8B}.SignedRelease|Win32.ActiveCfg = Release|Win32
		{DA654158-66DC-43B4-B7B1-2CA3B1988D8B}.SignedRelease|Win32.Build.0 = Release|Win32
		{DA654158-66DC-43B4-B7B1-2CA3B1988D8B}.SignedRelease|x64.ActiveCfg = Release|Win32
		{DA654158-66DC-43B4-B7B1-2CA3B1988D8B}.SignedRelease|x86.ActiveCfg = Release|Win32
		{68AB7921-8AB2-4D8E-87F0-F477E93F6FE9}.Debug|Any CPU.ActiveCfg = Debug|Win32
		{68AB7921-8AB2-4D8E-87F0-F477E93F6FE9}.Debug|Mixed Platforms.ActiveCfg = Debug|Win32
		{68AB7921-8AB2-4D8E-87F0-F477E93F6FE9}.Debug|Mixed Platforms.Build.0 = Debug|Win32
		{68AB7921-8AB2-4D8E-87F0-F477E93F6FE9}.Debug|Win32.ActiveCfg = Debug|Win32
		{68AB7921-8AB2-4D8E-87F0-F477E93F6FE9}.Debug|Win32.Build.0 = Debug|Win32
		{68AB7921-8AB2-4D8E-87F0-F477E93F6FE9}.Debug|x64.ActiveCfg = Debug|Win32
		{68AB7921-8AB2-4D8E-87F0-F477E93F6FE9}.Debug|x86.ActiveCfg = Debug|Win32
		{68AB7921-8AB2-4D8E-87F0-F477E93F6FE9}.Debug|x86.Build.0 = Debug|Win32
		{68AB7921-8AB2-4D8E-87F0-F477E93F6FE9}.Release (StyleCop)|Any CPU.ActiveCfg = Release|Win32
		{68AB7921-8AB2-4D8E-87F0-F477E93F6FE9}.Release (StyleCop)|Mixed Platforms.ActiveCfg = Release|Win32
		{68AB7921-8AB2-4D8E-87F0-F477E93F6FE9}.Release (StyleCop)|Mixed Platforms.Build.0 = Release|Win32
		{68AB7921-8AB2-4D8E-87F0-F477E93F6FE9}.Release (StyleCop)|Win32.ActiveCfg = Release|Win32
		{68AB7921-8AB2-4D8E-87F0-F477E93F6FE9}.Release (StyleCop)|Win32.Build.0 = Release|Win32
		{68AB7921-8AB2-4D8E-87F0-F477E93F6FE9}.Release (StyleCop)|x64.ActiveCfg = Release|Win32
		{68AB7921-8AB2-4D8E-87F0-F477E93F6FE9}.Release (StyleCop)|x86.ActiveCfg = Release|Win32
		{68AB7921-8AB2-4D8E-87F0-F477E93F6FE9}.Release|Any CPU.ActiveCfg = Release|Win32
		{68AB7921-8AB2-4D8E-87F0-F477E93F6FE9}.Release|Mixed Platforms.ActiveCfg = Release|Win32
		{68AB7921-8AB2-4D8E-87F0-F477E93F6FE9}.Release|Mixed Platforms.Build.0 = Release|Win32
		{68AB7921-8AB2-4D8E-87F0-F477E93F6FE9}.Release|Win32.ActiveCfg = Release|Win32
		{68AB7921-8AB2-4D8E-87F0-F477E93F6FE9}.Release|Win32.Build.0 = Release|Win32
		{68AB7921-8AB2-4D8E-87F0-F477E93F6FE9}.Release|x64.ActiveCfg = Release|Win32
		{68AB7921-8AB2-4D8E-87F0-F477E93F6FE9}.Release|x86.ActiveCfg = Release|Win32
		{68AB7921-8AB2-4D8E-87F0-F477E93F6FE9}.SC (minimum size)|Any CPU.ActiveCfg = Release|Win32
		{68AB7921-8AB2-4D8E-87F0-F477E93F6FE9}.SC (minimum size)|Mixed Platforms.ActiveCfg = Release|Win32
		{68AB7921-8AB2-4D8E-87F0-F477E93F6FE9}.SC (minimum size)|Mixed Platforms.Build.0 = Release|Win32
		{68AB7921-8AB2-4D8E-87F0-F477E93F6FE9}.SC (minimum size)|Win32.ActiveCfg = Release|Win32
		{68AB7921-8AB2-4D8E-87F0-F477E93F6FE9}.SC (minimum size)|Win32.Build.0 = Release|Win32
		{68AB7921-8AB2-4D8E-87F0-F477E93F6FE9}.SC (minimum size)|x64.ActiveCfg = Release|Win32
		{68AB7921-8AB2-4D8E-87F0-F477E93F6FE9}.SC (minimum size)|x86.ActiveCfg = Release|Win32
		{68AB7921-8AB2-4D8E-87F0-F477E93F6FE9}.SC (self-contained)|Any CPU.ActiveCfg = Release|Win32
		{68AB7921-8AB2-4D8E-87F0-F477E93F6FE9}.SC (self-contained)|Mixed Platforms.ActiveCfg = Release|Win32
		{68AB7921-8AB2-4D8E-87F0-F477E93F6FE9}.SC (self-contained)|Mixed Platforms.Build.0 = Release|Win32
		{68AB7921-8AB2-4D8E-87F0-F477E93F6FE9}.SC (self-contained)|Win32.ActiveCfg = Release|Win32
		{68AB7921-8AB2-4D8E-87F0-F477E93F6FE9}.SC (self-contained)|Win32.Build.0 = Release|Win32
		{68AB7921-8AB2-4D8E-87F0-F477E93F6FE9}.SC (self-contained)|x64.ActiveCfg = Release|Win32
		{68AB7921-8AB2-4D8E-87F0-F477E93F6FE9}.SC (self-contained)|x86.ActiveCfg = Release|Win32
		{68AB7921-8AB2-4D8E-87F0-F477E93F6FE9}.SignedRelease|Any CPU.ActiveCfg = Release|Win32
		{68AB7921-8AB2-4D8E-87F0-F477E93F6FE9}.SignedRelease|Mixed Platforms.ActiveCfg = Release|Win32
		{68AB7921-8AB2-4D8E-87F0-F477E93F6FE9}.SignedRelease|Mixed Platforms.Build.0 = Release|Win32
		{68AB7921-8AB2-4D8E-87F0-F477E93F6FE9}.SignedRelease|Win32.ActiveCfg = Release|Win32
		{68AB7921-8AB2-4D8E-87F0-F477E93F6FE9}.SignedRelease|Win32.Build.0 = Release|Win32
		{68AB7921-8AB2-4D8E-87F0-F477E93F6FE9}.SignedRelease|x64.ActiveCfg = Release|Win32
		{68AB7921-8AB2-4D8E-87F0-F477E93F6FE9}.SignedRelease|x86.ActiveCfg = Release|Win32
		{CE33DF18-F9C8-4D6F-9057-DBB4DB96E973}.Debug|Any CPU.ActiveCfg = Debug|Any CPU
		{CE33DF18-F9C8-4D6F-9057-DBB4DB96E973}.Debug|Any CPU.Build.0 = Debug|Any CPU
		{CE33DF18-F9C8-4D6F-9057-DBB4DB96E973}.Debug|Mixed Platforms.ActiveCfg = Debug|Any CPU
		{CE33DF18-F9C8-4D6F-9057-DBB4DB96E973}.Debug|Mixed Platforms.Build.0 = Debug|Any CPU
		{CE33DF18-F9C8-4D6F-9057-DBB4DB96E973}.Debug|Win32.ActiveCfg = Debug|Any CPU
		{CE33DF18-F9C8-4D6F-9057-DBB4DB96E973}.Debug|x64.ActiveCfg = Debug|Any CPU
		{CE33DF18-F9C8-4D6F-9057-DBB4DB96E973}.Debug|x86.ActiveCfg = Debug|x86
		{CE33DF18-F9C8-4D6F-9057-DBB4DB96E973}.Debug|x86.Build.0 = Debug|x86
		{CE33DF18-F9C8-4D6F-9057-DBB4DB96E973}.Release (StyleCop)|Any CPU.ActiveCfg = Release|Any CPU
		{CE33DF18-F9C8-4D6F-9057-DBB4DB96E973}.Release (StyleCop)|Any CPU.Build.0 = Release|Any CPU
		{CE33DF18-F9C8-4D6F-9057-DBB4DB96E973}.Release (StyleCop)|Mixed Platforms.ActiveCfg = Release|Any CPU
		{CE33DF18-F9C8-4D6F-9057-DBB4DB96E973}.Release (StyleCop)|Mixed Platforms.Build.0 = Release|Any CPU
		{CE33DF18-F9C8-4D6F-9057-DBB4DB96E973}.Release (StyleCop)|Win32.ActiveCfg = Release|Any CPU
		{CE33DF18-F9C8-4D6F-9057-DBB4DB96E973}.Release (StyleCop)|x64.ActiveCfg = Release|Any CPU
		{CE33DF18-F9C8-4D6F-9057-DBB4DB96E973}.Release (StyleCop)|x86.ActiveCfg = Release|Any CPU
		{CE33DF18-F9C8-4D6F-9057-DBB4DB96E973}.Release|Any CPU.ActiveCfg = Release|Any CPU
		{CE33DF18-F9C8-4D6F-9057-DBB4DB96E973}.Release|Any CPU.Build.0 = Release|Any CPU
		{CE33DF18-F9C8-4D6F-9057-DBB4DB96E973}.Release|Mixed Platforms.ActiveCfg = Release|Any CPU
		{CE33DF18-F9C8-4D6F-9057-DBB4DB96E973}.Release|Mixed Platforms.Build.0 = Release|Any CPU
		{CE33DF18-F9C8-4D6F-9057-DBB4DB96E973}.Release|Win32.ActiveCfg = Release|Any CPU
		{CE33DF18-F9C8-4D6F-9057-DBB4DB96E973}.Release|x64.ActiveCfg = Release|Any CPU
		{CE33DF18-F9C8-4D6F-9057-DBB4DB96E973}.Release|x86.ActiveCfg = Release|x86
		{CE33DF18-F9C8-4D6F-9057-DBB4DB96E973}.Release|x86.Build.0 = Release|x86
		{CE33DF18-F9C8-4D6F-9057-DBB4DB96E973}.SC (minimum size)|Any CPU.ActiveCfg = Release|Any CPU
		{CE33DF18-F9C8-4D6F-9057-DBB4DB96E973}.SC (minimum size)|Any CPU.Build.0 = Release|Any CPU
		{CE33DF18-F9C8-4D6F-9057-DBB4DB96E973}.SC (minimum size)|Mixed Platforms.ActiveCfg = Release|Any CPU
		{CE33DF18-F9C8-4D6F-9057-DBB4DB96E973}.SC (minimum size)|Mixed Platforms.Build.0 = Release|Any CPU
		{CE33DF18-F9C8-4D6F-9057-DBB4DB96E973}.SC (minimum size)|Win32.ActiveCfg = Release|Any CPU
		{CE33DF18-F9C8-4D6F-9057-DBB4DB96E973}.SC (minimum size)|x64.ActiveCfg = Release|Any CPU
		{CE33DF18-F9C8-4D6F-9057-DBB4DB96E973}.SC (minimum size)|x86.ActiveCfg = Release|Any CPU
		{CE33DF18-F9C8-4D6F-9057-DBB4DB96E973}.SC (self-contained)|Any CPU.ActiveCfg = Release|Any CPU
		{CE33DF18-F9C8-4D6F-9057-DBB4DB96E973}.SC (self-contained)|Any CPU.Build.0 = Release|Any CPU
		{CE33DF18-F9C8-4D6F-9057-DBB4DB96E973}.SC (self-contained)|Mixed Platforms.ActiveCfg = Release|Any CPU
		{CE33DF18-F9C8-4D6F-9057-DBB4DB96E973}.SC (self-contained)|Mixed Platforms.Build.0 = Release|Any CPU
		{CE33DF18-F9C8-4D6F-9057-DBB4DB96E973}.SC (self-contained)|Win32.ActiveCfg = Release|Any CPU
		{CE33DF18-F9C8-4D6F-9057-DBB4DB96E973}.SC (self-contained)|x64.ActiveCfg = Release|Any CPU
		{CE33DF18-F9C8-4D6F-9057-DBB4DB96E973}.SC (self-contained)|x86.ActiveCfg = Release|Any CPU
		{CE33DF18-F9C8-4D6F-9057-DBB4DB96E973}.SignedRelease|Any CPU.ActiveCfg = Release|Any CPU
		{CE33DF18-F9C8-4D6F-9057-DBB4DB96E973}.SignedRelease|Any CPU.Build.0 = Release|Any CPU
		{CE33DF18-F9C8-4D6F-9057-DBB4DB96E973}.SignedRelease|Mixed Platforms.ActiveCfg = Release|Any CPU
		{CE33DF18-F9C8-4D6F-9057-DBB4DB96E973}.SignedRelease|Mixed Platforms.Build.0 = Release|Any CPU
		{CE33DF18-F9C8-4D6F-9057-DBB4DB96E973}.SignedRelease|Win32.ActiveCfg = Release|Any CPU
		{CE33DF18-F9C8-4D6F-9057-DBB4DB96E973}.SignedRelease|x64.ActiveCfg = Release|Any CPU
		{CE33DF18-F9C8-4D6F-9057-DBB4DB96E973}.SignedRelease|x86.ActiveCfg = Release|Any CPU
		{57A01A50-69F7-4779-A301-964A62FA6B88}.Debug|Any CPU.ActiveCfg = Debug|x86
		{57A01A50-69F7-4779-A301-964A62FA6B88}.Debug|Mixed Platforms.ActiveCfg = Debug|x86
		{57A01A50-69F7-4779-A301-964A62FA6B88}.Debug|Mixed Platforms.Build.0 = Debug|x86
		{57A01A50-69F7-4779-A301-964A62FA6B88}.Debug|Win32.ActiveCfg = Debug|x86
		{57A01A50-69F7-4779-A301-964A62FA6B88}.Debug|x64.ActiveCfg = Debug|x86
		{57A01A50-69F7-4779-A301-964A62FA6B88}.Debug|x86.ActiveCfg = Debug|x86
		{57A01A50-69F7-4779-A301-964A62FA6B88}.Debug|x86.Build.0 = Debug|x86
		{57A01A50-69F7-4779-A301-964A62FA6B88}.Release (StyleCop)|Any CPU.ActiveCfg = Release|x86
		{57A01A50-69F7-4779-A301-964A62FA6B88}.Release (StyleCop)|Mixed Platforms.ActiveCfg = Release|x86
		{57A01A50-69F7-4779-A301-964A62FA6B88}.Release (StyleCop)|Mixed Platforms.Build.0 = Release|x86
		{57A01A50-69F7-4779-A301-964A62FA6B88}.Release (StyleCop)|Win32.ActiveCfg = Release|x86
		{57A01A50-69F7-4779-A301-964A62FA6B88}.Release (StyleCop)|x64.ActiveCfg = Release|x86
		{57A01A50-69F7-4779-A301-964A62FA6B88}.Release (StyleCop)|x86.ActiveCfg = Release|x86
		{57A01A50-69F7-4779-A301-964A62FA6B88}.Release (StyleCop)|x86.Build.0 = Release|x86
		{57A01A50-69F7-4779-A301-964A62FA6B88}.Release|Any CPU.ActiveCfg = Release|x86
		{57A01A50-69F7-4779-A301-964A62FA6B88}.Release|Mixed Platforms.ActiveCfg = Release|x86
		{57A01A50-69F7-4779-A301-964A62FA6B88}.Release|Mixed Platforms.Build.0 = Release|x86
		{57A01A50-69F7-4779-A301-964A62FA6B88}.Release|Win32.ActiveCfg = Release|x86
		{57A01A50-69F7-4779-A301-964A62FA6B88}.Release|x64.ActiveCfg = Release|x86
		{57A01A50-69F7-4779-A301-964A62FA6B88}.Release|x86.ActiveCfg = Release|x86
		{57A01A50-69F7-4779-A301-964A62FA6B88}.Release|x86.Build.0 = Release|x86
		{57A01A50-69F7-4779-A301-964A62FA6B88}.SC (minimum size)|Any CPU.ActiveCfg = Release|x86
		{57A01A50-69F7-4779-A301-964A62FA6B88}.SC (minimum size)|Mixed Platforms.ActiveCfg = Release|x86
		{57A01A50-69F7-4779-A301-964A62FA6B88}.SC (minimum size)|Mixed Platforms.Build.0 = Release|x86
		{57A01A50-69F7-4779-A301-964A62FA6B88}.SC (minimum size)|Win32.ActiveCfg = Release|x86
		{57A01A50-69F7-4779-A301-964A62FA6B88}.SC (minimum size)|x64.ActiveCfg = Release|x86
		{57A01A50-69F7-4779-A301-964A62FA6B88}.SC (minimum size)|x86.ActiveCfg = Release|x86
		{57A01A50-69F7-4779-A301-964A62FA6B88}.SC (minimum size)|x86.Build.0 = Release|x86
		{57A01A50-69F7-4779-A301-964A62FA6B88}.SC (self-contained)|Any CPU.ActiveCfg = Release|x86
		{57A01A50-69F7-4779-A301-964A62FA6B88}.SC (self-contained)|Mixed Platforms.ActiveCfg = Release|x86
		{57A01A50-69F7-4779-A301-964A62FA6B88}.SC (self-contained)|Mixed Platforms.Build.0 = Release|x86
		{57A01A50-69F7-4779-A301-964A62FA6B88}.SC (self-contained)|Win32.ActiveCfg = Release|x86
		{57A01A50-69F7-4779-A301-964A62FA6B88}.SC (self-contained)|x64.ActiveCfg = Release|x86
		{57A01A50-69F7-4779-A301-964A62FA6B88}.SC (self-contained)|x86.ActiveCfg = Release|x86
		{57A01A50-69F7-4779-A301-964A62FA6B88}.SC (self-contained)|x86.Build.0 = Release|x86
		{57A01A50-69F7-4779-A301-964A62FA6B88}.SignedRelease|Any CPU.ActiveCfg = Release|x86
		{57A01A50-69F7-4779-A301-964A62FA6B88}.SignedRelease|Mixed Platforms.ActiveCfg = Release|x86
		{57A01A50-69F7-4779-A301-964A62FA6B88}.SignedRelease|Mixed Platforms.Build.0 = Release|x86
		{57A01A50-69F7-4779-A301-964A62FA6B88}.SignedRelease|Win32.ActiveCfg = Release|x86
		{57A01A50-69F7-4779-A301-964A62FA6B88}.SignedRelease|x64.ActiveCfg = Release|x86
		{57A01A50-69F7-4779-A301-964A62FA6B88}.SignedRelease|x86.ActiveCfg = Release|x86
		{57A01A50-69F7-4779-A301-964A62FA6B88}.SignedRelease|x86.Build.0 = Release|x86
		{973446F8-123F-40B2-99BB-2DF6AA325281}.Debug|Any CPU.ActiveCfg = Debug|Any CPU
		{973446F8-123F-40B2-99BB-2DF6AA325281}.Debug|Any CPU.Build.0 = Debug|Any CPU
		{973446F8-123F-40B2-99BB-2DF6AA325281}.Debug|Mixed Platforms.ActiveCfg = Debug|Any CPU
		{973446F8-123F-40B2-99BB-2DF6AA325281}.Debug|Mixed Platforms.Build.0 = Debug|Any CPU
		{973446F8-123F-40B2-99BB-2DF6AA325281}.Debug|Win32.ActiveCfg = Debug|Any CPU
		{973446F8-123F-40B2-99BB-2DF6AA325281}.Debug|x64.ActiveCfg = Debug|x64
		{973446F8-123F-40B2-99BB-2DF6AA325281}.Debug|x64.Build.0 = Debug|x64
		{973446F8-123F-40B2-99BB-2DF6AA325281}.Debug|x86.ActiveCfg = Debug|x86
		{973446F8-123F-40B2-99BB-2DF6AA325281}.Debug|x86.Build.0 = Debug|x86
		{973446F8-123F-40B2-99BB-2DF6AA325281}.Release (StyleCop)|Any CPU.ActiveCfg = Release|Any CPU
		{973446F8-123F-40B2-99BB-2DF6AA325281}.Release (StyleCop)|Any CPU.Build.0 = Release|Any CPU
		{973446F8-123F-40B2-99BB-2DF6AA325281}.Release (StyleCop)|Mixed Platforms.ActiveCfg = Release|Any CPU
		{973446F8-123F-40B2-99BB-2DF6AA325281}.Release (StyleCop)|Mixed Platforms.Build.0 = Release|Any CPU
		{973446F8-123F-40B2-99BB-2DF6AA325281}.Release (StyleCop)|Win32.ActiveCfg = Release|Any CPU
		{973446F8-123F-40B2-99BB-2DF6AA325281}.Release (StyleCop)|x64.ActiveCfg = Release|Any CPU
		{973446F8-123F-40B2-99BB-2DF6AA325281}.Release (StyleCop)|x86.ActiveCfg = Release|Any CPU
		{973446F8-123F-40B2-99BB-2DF6AA325281}.Release|Any CPU.ActiveCfg = Release|Any CPU
		{973446F8-123F-40B2-99BB-2DF6AA325281}.Release|Any CPU.Build.0 = Release|Any CPU
		{973446F8-123F-40B2-99BB-2DF6AA325281}.Release|Mixed Platforms.ActiveCfg = Release|Any CPU
		{973446F8-123F-40B2-99BB-2DF6AA325281}.Release|Mixed Platforms.Build.0 = Release|Any CPU
		{973446F8-123F-40B2-99BB-2DF6AA325281}.Release|Win32.ActiveCfg = Release|Any CPU
		{973446F8-123F-40B2-99BB-2DF6AA325281}.Release|x64.ActiveCfg = Release|x64
		{973446F8-123F-40B2-99BB-2DF6AA325281}.Release|x64.Build.0 = Release|x64
		{973446F8-123F-40B2-99BB-2DF6AA325281}.Release|x86.ActiveCfg = Release|x86
		{973446F8-123F-40B2-99BB-2DF6AA325281}.Release|x86.Build.0 = Release|x86
		{973446F8-123F-40B2-99BB-2DF6AA325281}.SC (minimum size)|Any CPU.ActiveCfg = Release|Any CPU
		{973446F8-123F-40B2-99BB-2DF6AA325281}.SC (minimum size)|Any CPU.Build.0 = Release|Any CPU
		{973446F8-123F-40B2-99BB-2DF6AA325281}.SC (minimum size)|Mixed Platforms.ActiveCfg = Release|Any CPU
		{973446F8-123F-40B2-99BB-2DF6AA325281}.SC (minimum size)|Mixed Platforms.Build.0 = Release|Any CPU
		{973446F8-123F-40B2-99BB-2DF6AA325281}.SC (minimum size)|Win32.ActiveCfg = Release|Any CPU
		{973446F8-123F-40B2-99BB-2DF6AA325281}.SC (minimum size)|x64.ActiveCfg = Release|Any CPU
		{973446F8-123F-40B2-99BB-2DF6AA325281}.SC (minimum size)|x86.ActiveCfg = Release|Any CPU
		{973446F8-123F-40B2-99BB-2DF6AA325281}.SC (self-contained)|Any CPU.ActiveCfg = Release|Any CPU
		{973446F8-123F-40B2-99BB-2DF6AA325281}.SC (self-contained)|Any CPU.Build.0 = Release|Any CPU
		{973446F8-123F-40B2-99BB-2DF6AA325281}.SC (self-contained)|Mixed Platforms.ActiveCfg = Release|Any CPU
		{973446F8-123F-40B2-99BB-2DF6AA325281}.SC (self-contained)|Mixed Platforms.Build.0 = Release|Any CPU
		{973446F8-123F-40B2-99BB-2DF6AA325281}.SC (self-contained)|Win32.ActiveCfg = Release|Any CPU
		{973446F8-123F-40B2-99BB-2DF6AA325281}.SC (self-contained)|x64.ActiveCfg = Release|Any CPU
		{973446F8-123F-40B2-99BB-2DF6AA325281}.SC (self-contained)|x86.ActiveCfg = Release|Any CPU
		{973446F8-123F-40B2-99BB-2DF6AA325281}.SignedRelease|Any CPU.ActiveCfg = Release|Any CPU
		{973446F8-123F-40B2-99BB-2DF6AA325281}.SignedRelease|Any CPU.Build.0 = Release|Any CPU
		{973446F8-123F-40B2-99BB-2DF6AA325281}.SignedRelease|Mixed Platforms.ActiveCfg = Release|Any CPU
		{973446F8-123F-40B2-99BB-2DF6AA325281}.SignedRelease|Mixed Platforms.Build.0 = Release|Any CPU
		{973446F8-123F-40B2-99BB-2DF6AA325281}.SignedRelease|Win32.ActiveCfg = Release|Any CPU
		{973446F8-123F-40B2-99BB-2DF6AA325281}.SignedRelease|x64.ActiveCfg = Release|x64
		{973446F8-123F-40B2-99BB-2DF6AA325281}.SignedRelease|x64.Build.0 = Release|x64
		{973446F8-123F-40B2-99BB-2DF6AA325281}.SignedRelease|x86.ActiveCfg = Release|x86
		{973446F8-123F-40B2-99BB-2DF6AA325281}.SignedRelease|x86.Build.0 = Release|x86
		{26C5F25F-B450-4CAF-AD8B-B8D11AE73457}.Debug|Any CPU.ActiveCfg = Debug|Any CPU
		{26C5F25F-B450-4CAF-AD8B-B8D11AE73457}.Debug|Any CPU.Build.0 = Debug|Any CPU
		{26C5F25F-B450-4CAF-AD8B-B8D11AE73457}.Debug|Mixed Platforms.ActiveCfg = Debug|Any CPU
		{26C5F25F-B450-4CAF-AD8B-B8D11AE73457}.Debug|Mixed Platforms.Build.0 = Debug|Any CPU
		{26C5F25F-B450-4CAF-AD8B-B8D11AE73457}.Debug|Win32.ActiveCfg = Debug|Any CPU
		{26C5F25F-B450-4CAF-AD8B-B8D11AE73457}.Debug|x64.ActiveCfg = Debug|Any CPU
		{26C5F25F-B450-4CAF-AD8B-B8D11AE73457}.Debug|x86.ActiveCfg = Debug|Any CPU
		{26C5F25F-B450-4CAF-AD8B-B8D11AE73457}.Release (StyleCop)|Any CPU.ActiveCfg = Release|Any CPU
		{26C5F25F-B450-4CAF-AD8B-B8D11AE73457}.Release (StyleCop)|Any CPU.Build.0 = Release|Any CPU
		{26C5F25F-B450-4CAF-AD8B-B8D11AE73457}.Release (StyleCop)|Mixed Platforms.ActiveCfg = Release|Any CPU
		{26C5F25F-B450-4CAF-AD8B-B8D11AE73457}.Release (StyleCop)|Mixed Platforms.Build.0 = Release|Any CPU
		{26C5F25F-B450-4CAF-AD8B-B8D11AE73457}.Release (StyleCop)|Win32.ActiveCfg = Release|Any CPU
		{26C5F25F-B450-4CAF-AD8B-B8D11AE73457}.Release (StyleCop)|x64.ActiveCfg = Release|Any CPU
		{26C5F25F-B450-4CAF-AD8B-B8D11AE73457}.Release (StyleCop)|x86.ActiveCfg = Release|Any CPU
		{26C5F25F-B450-4CAF-AD8B-B8D11AE73457}.Release|Any CPU.ActiveCfg = Release|Any CPU
		{26C5F25F-B450-4CAF-AD8B-B8D11AE73457}.Release|Any CPU.Build.0 = Release|Any CPU
		{26C5F25F-B450-4CAF-AD8B-B8D11AE73457}.Release|Mixed Platforms.ActiveCfg = Release|Any CPU
		{26C5F25F-B450-4CAF-AD8B-B8D11AE73457}.Release|Mixed Platforms.Build.0 = Release|Any CPU
		{26C5F25F-B450-4CAF-AD8B-B8D11AE73457}.Release|Win32.ActiveCfg = Release|Any CPU
		{26C5F25F-B450-4CAF-AD8B-B8D11AE73457}.Release|x64.ActiveCfg = Release|Any CPU
		{26C5F25F-B450-4CAF-AD8B-B8D11AE73457}.Release|x86.ActiveCfg = Release|Any CPU
		{26C5F25F-B450-4CAF-AD8B-B8D11AE73457}.SC (minimum size)|Any CPU.ActiveCfg = Release|Any CPU
		{26C5F25F-B450-4CAF-AD8B-B8D11AE73457}.SC (minimum size)|Any CPU.Build.0 = Release|Any CPU
		{26C5F25F-B450-4CAF-AD8B-B8D11AE73457}.SC (minimum size)|Mixed Platforms.ActiveCfg = Release|Any CPU
		{26C5F25F-B450-4CAF-AD8B-B8D11AE73457}.SC (minimum size)|Mixed Platforms.Build.0 = Release|Any CPU
		{26C5F25F-B450-4CAF-AD8B-B8D11AE73457}.SC (minimum size)|Win32.ActiveCfg = Release|Any CPU
		{26C5F25F-B450-4CAF-AD8B-B8D11AE73457}.SC (minimum size)|x64.ActiveCfg = Release|Any CPU
		{26C5F25F-B450-4CAF-AD8B-B8D11AE73457}.SC (minimum size)|x86.ActiveCfg = Release|Any CPU
		{26C5F25F-B450-4CAF-AD8B-B8D11AE73457}.SC (self-contained)|Any CPU.ActiveCfg = Release|Any CPU
		{26C5F25F-B450-4CAF-AD8B-B8D11AE73457}.SC (self-contained)|Any CPU.Build.0 = Release|Any CPU
		{26C5F25F-B450-4CAF-AD8B-B8D11AE73457}.SC (self-contained)|Mixed Platforms.ActiveCfg = Release|Any CPU
		{26C5F25F-B450-4CAF-AD8B-B8D11AE73457}.SC (self-contained)|Mixed Platforms.Build.0 = Release|Any CPU
		{26C5F25F-B450-4CAF-AD8B-B8D11AE73457}.SC (self-contained)|Win32.ActiveCfg = Release|Any CPU
		{26C5F25F-B450-4CAF-AD8B-B8D11AE73457}.SC (self-contained)|x64.ActiveCfg = Release|Any CPU
		{26C5F25F-B450-4CAF-AD8B-B8D11AE73457}.SC (self-contained)|x86.ActiveCfg = Release|Any CPU
		{26C5F25F-B450-4CAF-AD8B-B8D11AE73457}.SignedRelease|Any CPU.ActiveCfg = Release|Any CPU
		{26C5F25F-B450-4CAF-AD8B-B8D11AE73457}.SignedRelease|Any CPU.Build.0 = Release|Any CPU
		{26C5F25F-B450-4CAF-AD8B-B8D11AE73457}.SignedRelease|Mixed Platforms.ActiveCfg = Release|Any CPU
		{26C5F25F-B450-4CAF-AD8B-B8D11AE73457}.SignedRelease|Mixed Platforms.Build.0 = Release|Any CPU
		{26C5F25F-B450-4CAF-AD8B-B8D11AE73457}.SignedRelease|Win32.ActiveCfg = Release|Any CPU
		{26C5F25F-B450-4CAF-AD8B-B8D11AE73457}.SignedRelease|x64.ActiveCfg = Release|Any CPU
		{26C5F25F-B450-4CAF-AD8B-B8D11AE73457}.SignedRelease|x86.ActiveCfg = Release|Any CPU
	EndGlobalSection
	GlobalSection(SolutionProperties) = preSolution
		HideSolutionNode = FALSE
	EndGlobalSection
	GlobalSection(ExtensibilityGlobals) = postSolution
		BuildVersion_UseGlobalSettings = True
	EndGlobalSection
EndGlobal
